// !$*UTF8*$!
{
	archiveVersion = 1;
	classes = {
	};
	objectVersion = 54;
	objects = {

/* Begin PBXBuildFile section */
		1613EE172E69BB01001F7E56 /* MEAudioConverter.m in Sources */ = {isa = PBXBuildFile; fileRef = 1613EE162E69BB01001F7E56 /* MEAudioConverter.m */; };
		1654A0CB26DC75D500E7DBB8 /* liblzma.dylib in Frameworks */ = {isa = PBXBuildFile; fileRef = 1654A0C826DC75D500E7DBB8 /* liblzma.dylib */; };
		1654A0CC26DC75D500E7DBB8 /* libz.dylib in Frameworks */ = {isa = PBXBuildFile; fileRef = 1654A0C926DC75D500E7DBB8 /* libz.dylib */; };
		1654A0CD26DC75D500E7DBB8 /* libbz2.dylib in Frameworks */ = {isa = PBXBuildFile; fileRef = 1654A0CA26DC75D500E7DBB8 /* libbz2.dylib */; };
		1654A0D926DC768F00E7DBB8 /* libswscale.dylib in Frameworks */ = {isa = PBXBuildFile; fileRef = 1654A0CF26DC768F00E7DBB8 /* libswscale.dylib */; };
		1654A0DA26DC768F00E7DBB8 /* libx264.dylib in Frameworks */ = {isa = PBXBuildFile; fileRef = 1654A0D026DC768F00E7DBB8 /* libx264.dylib */; };
		1654A0DB26DC768F00E7DBB8 /* libavfilter.dylib in Frameworks */ = {isa = PBXBuildFile; fileRef = 1654A0D126DC768F00E7DBB8 /* libavfilter.dylib */; };
		1654A0DD26DC768F00E7DBB8 /* libavformat.dylib in Frameworks */ = {isa = PBXBuildFile; fileRef = 1654A0D326DC768F00E7DBB8 /* libavformat.dylib */; };
		1654A0DE26DC768F00E7DBB8 /* libavdevice.dylib in Frameworks */ = {isa = PBXBuildFile; fileRef = 1654A0D426DC768F00E7DBB8 /* libavdevice.dylib */; };
		1654A0DF26DC768F00E7DBB8 /* libavutil.dylib in Frameworks */ = {isa = PBXBuildFile; fileRef = 1654A0D526DC768F00E7DBB8 /* libavutil.dylib */; };
		1654A0E026DC769000E7DBB8 /* libswresample.dylib in Frameworks */ = {isa = PBXBuildFile; fileRef = 1654A0D626DC768F00E7DBB8 /* libswresample.dylib */; };
		1654A0E126DC769000E7DBB8 /* libx265.dylib in Frameworks */ = {isa = PBXBuildFile; fileRef = 1654A0D726DC768F00E7DBB8 /* libx265.dylib */; };
		1654A0E226DC769000E7DBB8 /* libavcodec.dylib in Frameworks */ = {isa = PBXBuildFile; fileRef = 1654A0D826DC768F00E7DBB8 /* libavcodec.dylib */; };
		16741CE421A922C1000EEC78 /* SBChannel.m in Sources */ = {isa = PBXBuildFile; fileRef = 16741CE321A922C1000EEC78 /* SBChannel.m */; };
		16741CEB21A92DC6000EEC78 /* MEInput.m in Sources */ = {isa = PBXBuildFile; fileRef = 16741CEA21A92DC6000EEC78 /* MEInput.m */; };
		16741CEE21A92DD1000EEC78 /* MEOutput.m in Sources */ = {isa = PBXBuildFile; fileRef = 16741CED21A92DD1000EEC78 /* MEOutput.m */; };
		16741CF121B37DCD000EEC78 /* MEManager.m in Sources */ = {isa = PBXBuildFile; fileRef = 16741CF021B37DCD000EEC78 /* MEManager.m */; };
		169986EA21F324F600072E5D /* MEUtils.m in Sources */ = {isa = PBXBuildFile; fileRef = 169986E921F324F600072E5D /* MEUtils.m */; };
		16B81255218D701000E24173 /* main.m in Sources */ = {isa = PBXBuildFile; fileRef = 16B81254218D701000E24173 /* main.m */; };
		16B8125C218D72AD00E24173 /* monitorUtil.m in Sources */ = {isa = PBXBuildFile; fileRef = 16B8125B218D72AD00E24173 /* monitorUtil.m */; };
		16B81260218D754600E24173 /* METranscoder.m in Sources */ = {isa = PBXBuildFile; fileRef = 16B8125F218D754600E24173 /* METranscoder.m */; };
		16C1DAE72E87D32700DD415F /* MEVideoEncoderConfig.m in Sources */ = {isa = PBXBuildFile; fileRef = 16C1DAE52E87D32700DD415F /* MEVideoEncoderConfig.m */; };
		16C1DAEA2E87D47600DD415F /* MEErrorFormatter.m in Sources */ = {isa = PBXBuildFile; fileRef = 16C1DAE92E87D47600DD415F /* MEErrorFormatter.m */; };
		16C1DAEF2E87F02000DD415F /* MEVideoEncoderConfigTests.m in Sources */ = {isa = PBXBuildFile; fileRef = 16C1DAEB2E87EF1F00DD415F /* MEVideoEncoderConfigTests.m */; };
		16C1DAF42E87F0A000DD415F /* XCTest.framework in Frameworks */ = {isa = PBXBuildFile; fileRef = 16C1DAF32E87F0A000DD415F /* XCTest.framework */; };
		16C1DAFD2E87F28B00DD415F /* libbz2.dylib in Frameworks */ = {isa = PBXBuildFile; fileRef = 1654A0CA26DC75D500E7DBB8 /* libbz2.dylib */; };
		16C1DAFE2E87F29200DD415F /* liblzma.dylib in Frameworks */ = {isa = PBXBuildFile; fileRef = 1654A0C826DC75D500E7DBB8 /* liblzma.dylib */; };
		16C1DAFF2E87F29800DD415F /* libz.dylib in Frameworks */ = {isa = PBXBuildFile; fileRef = 1654A0C926DC75D500E7DBB8 /* libz.dylib */; };
		16C1DB002E87F29E00DD415F /* libx265.dylib in Frameworks */ = {isa = PBXBuildFile; fileRef = 1654A0D726DC768F00E7DBB8 /* libx265.dylib */; };
		16C1DB012E87F2A500DD415F /* libx264.dylib in Frameworks */ = {isa = PBXBuildFile; fileRef = 1654A0D026DC768F00E7DBB8 /* libx264.dylib */; };
		16C1DB022E87F2AA00DD415F /* libswscale.dylib in Frameworks */ = {isa = PBXBuildFile; fileRef = 1654A0CF26DC768F00E7DBB8 /* libswscale.dylib */; };
		16C1DB032E87F2B100DD415F /* libswresample.dylib in Frameworks */ = {isa = PBXBuildFile; fileRef = 1654A0D626DC768F00E7DBB8 /* libswresample.dylib */; };
		16C1DB042E87F2B700DD415F /* libavutil.dylib in Frameworks */ = {isa = PBXBuildFile; fileRef = 1654A0D526DC768F00E7DBB8 /* libavutil.dylib */; };
		16C1DB052E87F2C000DD415F /* libavformat.dylib in Frameworks */ = {isa = PBXBuildFile; fileRef = 1654A0D326DC768F00E7DBB8 /* libavformat.dylib */; };
		16C1DB062E87F2C600DD415F /* libavfilter.dylib in Frameworks */ = {isa = PBXBuildFile; fileRef = 1654A0D126DC768F00E7DBB8 /* libavfilter.dylib */; };
		16C1DB072E87F2CC00DD415F /* libavdevice.dylib in Frameworks */ = {isa = PBXBuildFile; fileRef = 1654A0D426DC768F00E7DBB8 /* libavdevice.dylib */; };
		16C1DB082E87F2D200DD415F /* libavcodec.dylib in Frameworks */ = {isa = PBXBuildFile; fileRef = 1654A0D826DC768F00E7DBB8 /* libavcodec.dylib */; };
		16C1DB092E87F32D00DD415F /* main.m in Sources */ = {isa = PBXBuildFile; fileRef = 16B81254218D701000E24173 /* main.m */; };
		16C1DB0A2E87F32D00DD415F /* METranscoder+paramParser.m in Sources */ = {isa = PBXBuildFile; fileRef = 16ED62482E6C86BD00152AD8 /* METranscoder+paramParser.m */; };
		16C1DB0B2E87F32D00DD415F /* SBChannel.m in Sources */ = {isa = PBXBuildFile; fileRef = 16741CE321A922C1000EEC78 /* SBChannel.m */; };
		16C1DB0C2E87F32D00DD415F /* MECommon.m in Sources */ = {isa = PBXBuildFile; fileRef = 16ED62422E6BD1F800152AD8 /* MECommon.m */; };
		16C1DB0D2E87F32D00DD415F /* MEManager.m in Sources */ = {isa = PBXBuildFile; fileRef = 16741CF021B37DCD000EEC78 /* MEManager.m */; };
		16C1DB0E2E87F32D00DD415F /* MEOutput.m in Sources */ = {isa = PBXBuildFile; fileRef = 16741CED21A92DD1000EEC78 /* MEOutput.m */; };
		16C1DB0F2E87F32D00DD415F /* MEVideoEncoderConfig.m in Sources */ = {isa = PBXBuildFile; fileRef = 16C1DAE52E87D32700DD415F /* MEVideoEncoderConfig.m */; };
		16C1DB102E87F32D00DD415F /* METranscoder+prepareChannels.m in Sources */ = {isa = PBXBuildFile; fileRef = 16ED62492E6C86BD00152AD8 /* METranscoder+prepareChannels.m */; };
		16C1DB112E87F32D00DD415F /* MEAudioConverter.m in Sources */ = {isa = PBXBuildFile; fileRef = 1613EE162E69BB01001F7E56 /* MEAudioConverter.m */; };
		16C1DB122E87F32D00DD415F /* METranscoder.m in Sources */ = {isa = PBXBuildFile; fileRef = 16B8125F218D754600E24173 /* METranscoder.m */; };
		16C1DB132E87F32D00DD415F /* MEErrorFormatter.m in Sources */ = {isa = PBXBuildFile; fileRef = 16C1DAE92E87D47600DD415F /* MEErrorFormatter.m */; };
		16C1DB142E87F32D00DD415F /* monitorUtil.m in Sources */ = {isa = PBXBuildFile; fileRef = 16B8125B218D72AD00E24173 /* monitorUtil.m */; };
		16C1DB152E87F32D00DD415F /* MEUtils.m in Sources */ = {isa = PBXBuildFile; fileRef = 169986E921F324F600072E5D /* MEUtils.m */; };
		16C1DB162E87F32D00DD415F /* parseUtil.m in Sources */ = {isa = PBXBuildFile; fileRef = 16D36C9222B5B4D7006E3DBF /* parseUtil.m */; };
		16C1DB172E87F32D00DD415F /* MEInput.m in Sources */ = {isa = PBXBuildFile; fileRef = 16741CEA21A92DC6000EEC78 /* MEInput.m */; };
		16C1DB182E87F32D00DD415F /* MESecureLogging.m in Sources */ = {isa = PBXBuildFile; fileRef = 16CA58612E7850420080658C /* MESecureLogging.m */; };
		16C1DB1C2E88168600DD415F /* MEProgressUtil.m in Sources */ = {isa = PBXBuildFile; fileRef = 16C1DB1B2E88168600DD415F /* MEProgressUtil.m */; };
		16C1DB1D2E88168600DD415F /* MEProgressUtil.m in Sources */ = {isa = PBXBuildFile; fileRef = 16C1DB1B2E88168600DD415F /* MEProgressUtil.m */; };
		16C1DB282E8AAC4400DD415F /* MEPipelineIntegrationTests.m in Sources */ = {isa = PBXBuildFile; fileRef = 16C1DB272E8AAC4400DD415F /* MEPipelineIntegrationTests.m */; };
		16C1DB2F2E8AACD100DD415F /* MEEncoderPipeline.m in Sources */ = {isa = PBXBuildFile; fileRef = 16C1DB2A2E8AACD100DD415F /* MEEncoderPipeline.m */; };
		16C1DB302E8AACD100DD415F /* MEFilterPipeline.m in Sources */ = {isa = PBXBuildFile; fileRef = 16C1DB2C2E8AACD100DD415F /* MEFilterPipeline.m */; };
		16C1DB312E8AACD100DD415F /* MESampleBufferFactory.m in Sources */ = {isa = PBXBuildFile; fileRef = 16C1DB2E2E8AACD100DD415F /* MESampleBufferFactory.m */; };
		16C1DB322E8AACD100DD415F /* MEEncoderPipeline.m in Sources */ = {isa = PBXBuildFile; fileRef = 16C1DB2A2E8AACD100DD415F /* MEEncoderPipeline.m */; };
		16C1DB332E8AACD100DD415F /* MEFilterPipeline.m in Sources */ = {isa = PBXBuildFile; fileRef = 16C1DB2C2E8AACD100DD415F /* MEFilterPipeline.m */; };
		16C1DB342E8AACD100DD415F /* MESampleBufferFactory.m in Sources */ = {isa = PBXBuildFile; fileRef = 16C1DB2E2E8AACD100DD415F /* MESampleBufferFactory.m */; };
		16CA58622E7850420080658C /* MESecureLogging.m in Sources */ = {isa = PBXBuildFile; fileRef = 16CA58612E7850420080658C /* MESecureLogging.m */; };
		16D36C9322B5B4D7006E3DBF /* parseUtil.m in Sources */ = {isa = PBXBuildFile; fileRef = 16D36C9222B5B4D7006E3DBF /* parseUtil.m */; };
		16ED62432E6BD1F800152AD8 /* MECommon.m in Sources */ = {isa = PBXBuildFile; fileRef = 16ED62422E6BD1F800152AD8 /* MECommon.m */; };
		16ED624A2E6C86BD00152AD8 /* METranscoder+prepareChannels.m in Sources */ = {isa = PBXBuildFile; fileRef = 16ED62492E6C86BD00152AD8 /* METranscoder+prepareChannels.m */; };
		16ED624B2E6C86BD00152AD8 /* METranscoder+paramParser.m in Sources */ = {isa = PBXBuildFile; fileRef = 16ED62482E6C86BD00152AD8 /* METranscoder+paramParser.m */; };
/* End PBXBuildFile section */

/* Begin PBXCopyFilesBuildPhase section */
		16B8124F218D701000E24173 /* CopyFiles */ = {
			isa = PBXCopyFilesBuildPhase;
			buildActionMask = 2147483647;
			dstPath = /usr/share/man/man1/;
			dstSubfolderSpec = 0;
			files = (
			);
			runOnlyForDeploymentPostprocessing = 1;
		};
/* End PBXCopyFilesBuildPhase section */

/* Begin PBXFileReference section */
		1613EE152E69BB01001F7E56 /* MEAudioConverter.h */ = {isa = PBXFileReference; lastKnownFileType = sourcecode.c.h; path = MEAudioConverter.h; sourceTree = "<group>"; };
		1613EE162E69BB01001F7E56 /* MEAudioConverter.m */ = {isa = PBXFileReference; lastKnownFileType = sourcecode.c.objc; path = MEAudioConverter.m; sourceTree = "<group>"; };
		161907892884E28B001BFA7E /* HowToBuildLibs.md */ = {isa = PBXFileReference; lastKnownFileType = net.daringfireball.markdown; path = HowToBuildLibs.md; sourceTree = "<group>"; };
		1654A0C826DC75D500E7DBB8 /* liblzma.dylib */ = {isa = PBXFileReference; lastKnownFileType = "compiled.mach-o.dylib"; name = liblzma.dylib; path = ../../../../../opt/local/lib/liblzma.dylib; sourceTree = "<group>"; };
		1654A0C926DC75D500E7DBB8 /* libz.dylib */ = {isa = PBXFileReference; lastKnownFileType = "compiled.mach-o.dylib"; name = libz.dylib; path = ../../../../../opt/local/lib/libz.dylib; sourceTree = "<group>"; };
		1654A0CA26DC75D500E7DBB8 /* libbz2.dylib */ = {isa = PBXFileReference; lastKnownFileType = "compiled.mach-o.dylib"; name = libbz2.dylib; path = ../../../../../opt/local/lib/libbz2.dylib; sourceTree = "<group>"; };
		1654A0CF26DC768F00E7DBB8 /* libswscale.dylib */ = {isa = PBXFileReference; lastKnownFileType = "compiled.mach-o.dylib"; name = libswscale.dylib; path = ../../../../../usr/local/lib/libswscale.dylib; sourceTree = "<group>"; };
		1654A0D026DC768F00E7DBB8 /* libx264.dylib */ = {isa = PBXFileReference; lastKnownFileType = "compiled.mach-o.dylib"; name = libx264.dylib; path = ../../../../../usr/local/lib/libx264.dylib; sourceTree = "<group>"; };
		1654A0D126DC768F00E7DBB8 /* libavfilter.dylib */ = {isa = PBXFileReference; lastKnownFileType = "compiled.mach-o.dylib"; name = libavfilter.dylib; path = ../../../../../usr/local/lib/libavfilter.dylib; sourceTree = "<group>"; };
		1654A0D326DC768F00E7DBB8 /* libavformat.dylib */ = {isa = PBXFileReference; lastKnownFileType = "compiled.mach-o.dylib"; name = libavformat.dylib; path = ../../../../../usr/local/lib/libavformat.dylib; sourceTree = "<group>"; };
		1654A0D426DC768F00E7DBB8 /* libavdevice.dylib */ = {isa = PBXFileReference; lastKnownFileType = "compiled.mach-o.dylib"; name = libavdevice.dylib; path = ../../../../../usr/local/lib/libavdevice.dylib; sourceTree = "<group>"; };
		1654A0D526DC768F00E7DBB8 /* libavutil.dylib */ = {isa = PBXFileReference; lastKnownFileType = "compiled.mach-o.dylib"; name = libavutil.dylib; path = ../../../../../usr/local/lib/libavutil.dylib; sourceTree = "<group>"; };
		1654A0D626DC768F00E7DBB8 /* libswresample.dylib */ = {isa = PBXFileReference; lastKnownFileType = "compiled.mach-o.dylib"; name = libswresample.dylib; path = ../../../../../usr/local/lib/libswresample.dylib; sourceTree = "<group>"; };
		1654A0D726DC768F00E7DBB8 /* libx265.dylib */ = {isa = PBXFileReference; lastKnownFileType = "compiled.mach-o.dylib"; name = libx265.dylib; path = ../../../../../usr/local/lib/libx265.dylib; sourceTree = "<group>"; };
		1654A0D826DC768F00E7DBB8 /* libavcodec.dylib */ = {isa = PBXFileReference; lastKnownFileType = "compiled.mach-o.dylib"; name = libavcodec.dylib; path = ../../../../../usr/local/lib/libavcodec.dylib; sourceTree = "<group>"; };
		16741CE221A922C1000EEC78 /* SBChannel.h */ = {isa = PBXFileReference; lastKnownFileType = sourcecode.c.h; path = SBChannel.h; sourceTree = "<group>"; };
		16741CE321A922C1000EEC78 /* SBChannel.m */ = {isa = PBXFileReference; lastKnownFileType = sourcecode.c.objc; path = SBChannel.m; sourceTree = "<group>"; };
		16741CE521A924FB000EEC78 /* AVFoundation.framework */ = {isa = PBXFileReference; lastKnownFileType = wrapper.framework; name = AVFoundation.framework; path = System/Library/Frameworks/AVFoundation.framework; sourceTree = SDKROOT; };
		16741CE721A92550000EEC78 /* CoreMedia.framework */ = {isa = PBXFileReference; lastKnownFileType = wrapper.framework; name = CoreMedia.framework; path = System/Library/Frameworks/CoreMedia.framework; sourceTree = SDKROOT; };
		16741CE921A92DC6000EEC78 /* MEInput.h */ = {isa = PBXFileReference; lastKnownFileType = sourcecode.c.h; path = MEInput.h; sourceTree = "<group>"; };
		16741CEA21A92DC6000EEC78 /* MEInput.m */ = {isa = PBXFileReference; lastKnownFileType = sourcecode.c.objc; path = MEInput.m; sourceTree = "<group>"; };
		16741CEC21A92DD1000EEC78 /* MEOutput.h */ = {isa = PBXFileReference; lastKnownFileType = sourcecode.c.h; path = MEOutput.h; sourceTree = "<group>"; };
		16741CED21A92DD1000EEC78 /* MEOutput.m */ = {isa = PBXFileReference; lastKnownFileType = sourcecode.c.objc; path = MEOutput.m; sourceTree = "<group>"; };
		16741CEF21B37DCD000EEC78 /* MEManager.h */ = {isa = PBXFileReference; lastKnownFileType = sourcecode.c.h; path = MEManager.h; sourceTree = "<group>"; };
		16741CF021B37DCD000EEC78 /* MEManager.m */ = {isa = PBXFileReference; lastKnownFileType = sourcecode.c.objc; path = MEManager.m; sourceTree = "<group>"; };
		169986E921F324F600072E5D /* MEUtils.m */ = {isa = PBXFileReference; lastKnownFileType = sourcecode.c.objc; path = MEUtils.m; sourceTree = "<group>"; };
		169986EB21F3250400072E5D /* MEUtils.h */ = {isa = PBXFileReference; lastKnownFileType = sourcecode.c.h; path = MEUtils.h; sourceTree = "<group>"; };
		16A9573A22C05AED008868AF /* COPYING.txt */ = {isa = PBXFileReference; lastKnownFileType = text; path = COPYING.txt; sourceTree = "<group>"; };
		16A9573B22C05AED008868AF /* README.md */ = {isa = PBXFileReference; lastKnownFileType = net.daringfireball.markdown; path = README.md; sourceTree = "<group>"; };
		16B81251218D701000E24173 /* movencoder2 */ = {isa = PBXFileReference; explicitFileType = "compiled.mach-o.executable"; includeInIndex = 0; path = movencoder2; sourceTree = BUILT_PRODUCTS_DIR; };
		16B81254218D701000E24173 /* main.m */ = {isa = PBXFileReference; lastKnownFileType = sourcecode.c.objc; path = main.m; sourceTree = "<group>"; };
		16B8125B218D72AD00E24173 /* monitorUtil.m */ = {isa = PBXFileReference; lastKnownFileType = sourcecode.c.objc; path = monitorUtil.m; sourceTree = "<group>"; };
		16B8125D218D72BB00E24173 /* monitorUtil.h */ = {isa = PBXFileReference; lastKnownFileType = sourcecode.c.h; path = monitorUtil.h; sourceTree = "<group>"; };
		16B8125E218D754600E24173 /* METranscoder.h */ = {isa = PBXFileReference; lastKnownFileType = sourcecode.c.h; path = METranscoder.h; sourceTree = "<group>"; };
		16B8125F218D754600E24173 /* METranscoder.m */ = {isa = PBXFileReference; lastKnownFileType = sourcecode.c.objc; path = METranscoder.m; sourceTree = "<group>"; };
		16C1DAE32E87D32700DD415F /* METypes.h */ = {isa = PBXFileReference; lastKnownFileType = sourcecode.c.h; path = METypes.h; sourceTree = "<group>"; };
		16C1DAE42E87D32700DD415F /* MEVideoEncoderConfig.h */ = {isa = PBXFileReference; lastKnownFileType = sourcecode.c.h; path = MEVideoEncoderConfig.h; sourceTree = "<group>"; };
		16C1DAE52E87D32700DD415F /* MEVideoEncoderConfig.m */ = {isa = PBXFileReference; lastKnownFileType = sourcecode.c.objc; path = MEVideoEncoderConfig.m; sourceTree = "<group>"; };
		16C1DAE82E87D47600DD415F /* MEErrorFormatter.h */ = {isa = PBXFileReference; lastKnownFileType = sourcecode.c.h; path = MEErrorFormatter.h; sourceTree = "<group>"; };
		16C1DAE92E87D47600DD415F /* MEErrorFormatter.m */ = {isa = PBXFileReference; lastKnownFileType = sourcecode.c.objc; path = MEErrorFormatter.m; sourceTree = "<group>"; };
		16C1DAEB2E87EF1F00DD415F /* MEVideoEncoderConfigTests.m */ = {isa = PBXFileReference; lastKnownFileType = sourcecode.c.objc; path = MEVideoEncoderConfigTests.m; sourceTree = "<group>"; };
		16C1DAF32E87F0A000DD415F /* XCTest.framework */ = {isa = PBXFileReference; lastKnownFileType = wrapper.framework; name = XCTest.framework; path = System/Library/Frameworks/XCTest.framework; sourceTree = SDKROOT; };
		16C1DAF62E87F12000DD415F /* movencoder2Tests.xctest */ = {isa = PBXFileReference; explicitFileType = wrapper.cfbundle; includeInIndex = 0; path = movencoder2Tests.xctest; sourceTree = BUILT_PRODUCTS_DIR; };
		16C1DB192E87F36800DD415F /* movencoder2Tests.xctestplan */ = {isa = PBXFileReference; lastKnownFileType = text; path = movencoder2Tests.xctestplan; sourceTree = "<group>"; };
		16C1DB1A2E88168600DD415F /* MEProgressUtil.h */ = {isa = PBXFileReference; lastKnownFileType = sourcecode.c.h; path = MEProgressUtil.h; sourceTree = "<group>"; };
		16C1DB1B2E88168600DD415F /* MEProgressUtil.m */ = {isa = PBXFileReference; lastKnownFileType = sourcecode.c.objc; path = MEProgressUtil.m; sourceTree = "<group>"; };
		16C1DB272E8AAC4400DD415F /* MEPipelineIntegrationTests.m */ = {isa = PBXFileReference; lastKnownFileType = sourcecode.c.objc; path = MEPipelineIntegrationTests.m; sourceTree = "<group>"; };
		16C1DB292E8AACD100DD415F /* MEEncoderPipeline.h */ = {isa = PBXFileReference; lastKnownFileType = sourcecode.c.h; path = MEEncoderPipeline.h; sourceTree = "<group>"; };
		16C1DB2A2E8AACD100DD415F /* MEEncoderPipeline.m */ = {isa = PBXFileReference; lastKnownFileType = sourcecode.c.objc; path = MEEncoderPipeline.m; sourceTree = "<group>"; };
		16C1DB2B2E8AACD100DD415F /* MEFilterPipeline.h */ = {isa = PBXFileReference; lastKnownFileType = sourcecode.c.h; path = MEFilterPipeline.h; sourceTree = "<group>"; };
		16C1DB2C2E8AACD100DD415F /* MEFilterPipeline.m */ = {isa = PBXFileReference; lastKnownFileType = sourcecode.c.objc; path = MEFilterPipeline.m; sourceTree = "<group>"; };
		16C1DB2D2E8AACD100DD415F /* MESampleBufferFactory.h */ = {isa = PBXFileReference; lastKnownFileType = sourcecode.c.h; path = MESampleBufferFactory.h; sourceTree = "<group>"; };
		16C1DB2E2E8AACD100DD415F /* MESampleBufferFactory.m */ = {isa = PBXFileReference; lastKnownFileType = sourcecode.c.objc; path = MESampleBufferFactory.m; sourceTree = "<group>"; };
		16CA58602E7850420080658C /* MESecureLogging.h */ = {isa = PBXFileReference; lastKnownFileType = sourcecode.c.h; path = MESecureLogging.h; sourceTree = "<group>"; };
		16CA58612E7850420080658C /* MESecureLogging.m */ = {isa = PBXFileReference; lastKnownFileType = sourcecode.c.objc; path = MESecureLogging.m; sourceTree = "<group>"; };
		16D36C9222B5B4D7006E3DBF /* parseUtil.m */ = {isa = PBXFileReference; lastKnownFileType = sourcecode.c.objc; path = parseUtil.m; sourceTree = "<group>"; };
		16D36C9422B5B549006E3DBF /* parseUtil.h */ = {isa = PBXFileReference; lastKnownFileType = sourcecode.c.h; path = parseUtil.h; sourceTree = "<group>"; };
		16ED62412E6BD1F800152AD8 /* MECommon.h */ = {isa = PBXFileReference; lastKnownFileType = sourcecode.c.h; path = MECommon.h; sourceTree = "<group>"; };
		16ED62422E6BD1F800152AD8 /* MECommon.m */ = {isa = PBXFileReference; lastKnownFileType = sourcecode.c.objc; path = MECommon.m; sourceTree = "<group>"; };
		16ED62482E6C86BD00152AD8 /* METranscoder+paramParser.m */ = {isa = PBXFileReference; lastKnownFileType = sourcecode.c.objc; path = "METranscoder+paramParser.m"; sourceTree = "<group>"; };
		16ED62492E6C86BD00152AD8 /* METranscoder+prepareChannels.m */ = {isa = PBXFileReference; lastKnownFileType = sourcecode.c.objc; path = "METranscoder+prepareChannels.m"; sourceTree = "<group>"; };
		16ED624C2E6C878C00152AD8 /* METranscoder+Internal.h */ = {isa = PBXFileReference; lastKnownFileType = sourcecode.c.h; path = "METranscoder+Internal.h"; sourceTree = "<group>"; };
/* End PBXFileReference section */

/* Begin PBXFrameworksBuildPhase section */
		16B8124E218D701000E24173 /* Frameworks */ = {
			isa = PBXFrameworksBuildPhase;
			buildActionMask = 2147483647;
			files = (
				1654A0DF26DC768F00E7DBB8 /* libavutil.dylib in Frameworks */,
				1654A0CD26DC75D500E7DBB8 /* libbz2.dylib in Frameworks */,
				1654A0DA26DC768F00E7DBB8 /* libx264.dylib in Frameworks */,
				1654A0E226DC769000E7DBB8 /* libavcodec.dylib in Frameworks */,
				1654A0D926DC768F00E7DBB8 /* libswscale.dylib in Frameworks */,
				1654A0E126DC769000E7DBB8 /* libx265.dylib in Frameworks */,
				1654A0DB26DC768F00E7DBB8 /* libavfilter.dylib in Frameworks */,
				1654A0E026DC769000E7DBB8 /* libswresample.dylib in Frameworks */,
				1654A0DD26DC768F00E7DBB8 /* libavformat.dylib in Frameworks */,
				1654A0CB26DC75D500E7DBB8 /* liblzma.dylib in Frameworks */,
				1654A0DE26DC768F00E7DBB8 /* libavdevice.dylib in Frameworks */,
				1654A0CC26DC75D500E7DBB8 /* libz.dylib in Frameworks */,
			);
			runOnlyForDeploymentPostprocessing = 0;
		};
		16C1DAF52E87F0A000DD415F /* Frameworks */ = {
			isa = PBXFrameworksBuildPhase;
			buildActionMask = 2147483647;
			files = (
				16C1DB052E87F2C000DD415F /* libavformat.dylib in Frameworks */,
				16C1DAF42E87F0A000DD415F /* XCTest.framework in Frameworks */,
				16C1DB042E87F2B700DD415F /* libavutil.dylib in Frameworks */,
				16C1DAFF2E87F29800DD415F /* libz.dylib in Frameworks */,
				16C1DAFE2E87F29200DD415F /* liblzma.dylib in Frameworks */,
				16C1DB072E87F2CC00DD415F /* libavdevice.dylib in Frameworks */,
				16C1DB062E87F2C600DD415F /* libavfilter.dylib in Frameworks */,
				16C1DAFD2E87F28B00DD415F /* libbz2.dylib in Frameworks */,
				16C1DB012E87F2A500DD415F /* libx264.dylib in Frameworks */,
				16C1DB082E87F2D200DD415F /* libavcodec.dylib in Frameworks */,
				16C1DB022E87F2AA00DD415F /* libswscale.dylib in Frameworks */,
				16C1DB002E87F29E00DD415F /* libx265.dylib in Frameworks */,
				16C1DB032E87F2B100DD415F /* libswresample.dylib in Frameworks */,
			);
			runOnlyForDeploymentPostprocessing = 0;
		};
/* End PBXFrameworksBuildPhase section */

/* Begin PBXGroup section */
		1654A0C726DC75C000E7DBB8 /* dylib at opt-local-lib */ = {
			isa = PBXGroup;
			children = (
				1654A0CA26DC75D500E7DBB8 /* libbz2.dylib */,
				1654A0C826DC75D500E7DBB8 /* liblzma.dylib */,
				1654A0C926DC75D500E7DBB8 /* libz.dylib */,
			);
			name = "dylib at opt-local-lib";
			sourceTree = "<group>";
		};
		1654A0CE26DC763C00E7DBB8 /* dylib at usr-local-lib */ = {
			isa = PBXGroup;
			children = (
				1654A0D826DC768F00E7DBB8 /* libavcodec.dylib */,
				1654A0D426DC768F00E7DBB8 /* libavdevice.dylib */,
				1654A0D126DC768F00E7DBB8 /* libavfilter.dylib */,
				1654A0D326DC768F00E7DBB8 /* libavformat.dylib */,
				1654A0D526DC768F00E7DBB8 /* libavutil.dylib */,
				1654A0D626DC768F00E7DBB8 /* libswresample.dylib */,
				1654A0CF26DC768F00E7DBB8 /* libswscale.dylib */,
				1654A0D026DC768F00E7DBB8 /* libx264.dylib */,
				1654A0D726DC768F00E7DBB8 /* libx265.dylib */,
			);
			name = "dylib at usr-local-lib";
			sourceTree = "<group>";
		};
		16A9573922C05AC8008868AF /* resource */ = {
			isa = PBXGroup;
			children = (
				16A9573A22C05AED008868AF /* COPYING.txt */,
				16A9573B22C05AED008868AF /* README.md */,
				161907892884E28B001BFA7E /* HowToBuildLibs.md */,
			);
			name = resource;
			sourceTree = "<group>";
		};
		16AD45BF21965FB500A0BB95 /* Frameworks */ = {
			isa = PBXGroup;
			children = (
				1654A0CE26DC763C00E7DBB8 /* dylib at usr-local-lib */,
				1654A0C726DC75C000E7DBB8 /* dylib at opt-local-lib */,
				16741CE721A92550000EEC78 /* CoreMedia.framework */,
				16741CE521A924FB000EEC78 /* AVFoundation.framework */,
			);
			name = Frameworks;
			sourceTree = "<group>";
		};
		16B81248218D701000E24173 = {
			isa = PBXGroup;
			children = (
				16A9573922C05AC8008868AF /* resource */,
				16B81253218D701000E24173 /* movencoder2 */,
				16C1DAEC2E87EF1F00DD415F /* movencoder2Tests */,
				16B81252218D701000E24173 /* Products */,
				16AD45BF21965FB500A0BB95 /* Frameworks */,
				16C1DAFC2E87F21B00DD415F /* Recovered References */,
			);
			sourceTree = "<group>";
		};
		16B81252218D701000E24173 /* Products */ = {
			isa = PBXGroup;
			children = (
				16B81251218D701000E24173 /* movencoder2 */,
				16C1DAF62E87F12000DD415F /* movencoder2Tests.xctest */,
			);
			name = Products;
			sourceTree = "<group>";
		};
		16B81253218D701000E24173 /* movencoder2 */ = {
			isa = PBXGroup;
			children = (
				16C1DAE62E87D32700DD415F /* Config */,
				16B81254218D701000E24173 /* main.m */,
				1613EE152E69BB01001F7E56 /* MEAudioConverter.h */,
				1613EE162E69BB01001F7E56 /* MEAudioConverter.m */,
				16ED62412E6BD1F800152AD8 /* MECommon.h */,
				16ED62422E6BD1F800152AD8 /* MECommon.m */,
				16C1DB292E8AACD100DD415F /* MEEncoderPipeline.h */,
				16C1DB2A2E8AACD100DD415F /* MEEncoderPipeline.m */,
				16C1DAE82E87D47600DD415F /* MEErrorFormatter.h */,
				16C1DAE92E87D47600DD415F /* MEErrorFormatter.m */,
				16C1DB2B2E8AACD100DD415F /* MEFilterPipeline.h */,
				16C1DB2C2E8AACD100DD415F /* MEFilterPipeline.m */,
				16741CE921A92DC6000EEC78 /* MEInput.h */,
				16741CEA21A92DC6000EEC78 /* MEInput.m */,
				16741CEF21B37DCD000EEC78 /* MEManager.h */,
				16741CF021B37DCD000EEC78 /* MEManager.m */,
				16741CEC21A92DD1000EEC78 /* MEOutput.h */,
				16741CED21A92DD1000EEC78 /* MEOutput.m */,
				16C1DB1A2E88168600DD415F /* MEProgressUtil.h */,
				16C1DB1B2E88168600DD415F /* MEProgressUtil.m */,
				16C1DB2D2E8AACD100DD415F /* MESampleBufferFactory.h */,
				16C1DB2E2E8AACD100DD415F /* MESampleBufferFactory.m */,
				16CA58602E7850420080658C /* MESecureLogging.h */,
				16CA58612E7850420080658C /* MESecureLogging.m */,
				16B8125E218D754600E24173 /* METranscoder.h */,
				16B8125F218D754600E24173 /* METranscoder.m */,
				16ED624C2E6C878C00152AD8 /* METranscoder+Internal.h */,
				16ED62482E6C86BD00152AD8 /* METranscoder+paramParser.m */,
				16ED62492E6C86BD00152AD8 /* METranscoder+prepareChannels.m */,
				169986EB21F3250400072E5D /* MEUtils.h */,
				169986E921F324F600072E5D /* MEUtils.m */,
				16B8125D218D72BB00E24173 /* monitorUtil.h */,
				16B8125B218D72AD00E24173 /* monitorUtil.m */,
				16D36C9422B5B549006E3DBF /* parseUtil.h */,
				16D36C9222B5B4D7006E3DBF /* parseUtil.m */,
				16741CE221A922C1000EEC78 /* SBChannel.h */,
				16741CE321A922C1000EEC78 /* SBChannel.m */,
			);
			path = movencoder2;
			sourceTree = "<group>";
		};
		16C1DAE62E87D32700DD415F /* Config */ = {
			isa = PBXGroup;
			children = (
				16C1DAE32E87D32700DD415F /* METypes.h */,
				16C1DAE42E87D32700DD415F /* MEVideoEncoderConfig.h */,
				16C1DAE52E87D32700DD415F /* MEVideoEncoderConfig.m */,
			);
			path = Config;
			sourceTree = "<group>";
		};
		16C1DAEC2E87EF1F00DD415F /* movencoder2Tests */ = {
			isa = PBXGroup;
			children = (
				16C1DB272E8AAC4400DD415F /* MEPipelineIntegrationTests.m */,
				16C1DAEB2E87EF1F00DD415F /* MEVideoEncoderConfigTests.m */,
				16C1DB192E87F36800DD415F /* movencoder2Tests.xctestplan */,
			);
			path = movencoder2Tests;
			sourceTree = "<group>";
		};
		16C1DAFC2E87F21B00DD415F /* Recovered References */ = {
			isa = PBXGroup;
			children = (
				16C1DAF32E87F0A000DD415F /* XCTest.framework */,
			);
			name = "Recovered References";
			sourceTree = "<group>";
		};
/* End PBXGroup section */

/* Begin PBXNativeTarget section */
		16B81250218D701000E24173 /* movencoder2 */ = {
			isa = PBXNativeTarget;
			buildConfigurationList = 16B81258218D701000E24173 /* Build configuration list for PBXNativeTarget "movencoder2" */;
			buildPhases = (
				16B8124D218D701000E24173 /* Sources */,
				16B8124E218D701000E24173 /* Frameworks */,
				16B8124F218D701000E24173 /* CopyFiles */,
			);
			buildRules = (
			);
			dependencies = (
			);
			name = movencoder2;
			productName = movencoder2;
			productReference = 16B81251218D701000E24173 /* movencoder2 */;
			productType = "com.apple.product-type.tool";
		};
		16C1DAED2E87F02000DD415F /* movencoder2Tests */ = {
			isa = PBXNativeTarget;
			buildConfigurationList = 16C1DAF22E87F02000DD415F /* Build configuration list for PBXNativeTarget "movencoder2Tests" */;
			buildPhases = (
				16C1DAEE2E87F02000DD415F /* Sources */,
				16C1DAF52E87F0A000DD415F /* Frameworks */,
			);
			buildRules = (
			);
			dependencies = (
			);
			name = movencoder2Tests;
			productName = movencoder2Tests;
			productReference = 16C1DAF62E87F12000DD415F /* movencoder2Tests.xctest */;
			productType = "com.apple.product-type.bundle.unit-test";
		};
/* End PBXNativeTarget section */

/* Begin PBXProject section */
		16B81249218D701000E24173 /* Project object */ = {
			isa = PBXProject;
			attributes = {
				BuildIndependentTargetsInParallel = YES;
				LastUpgradeCheck = 2600;
				ORGANIZATIONNAME = MyCometG3;
				TargetAttributes = {
					16B81250218D701000E24173 = {
						CreatedOnToolsVersion = 10.0;
					};
					16C1DAED2E87F02000DD415F = {
						CreatedOnToolsVersion = 15.0;
					};
				};
			};
			buildConfigurationList = 16B8124C218D701000E24173 /* Build configuration list for PBXProject "movencoder2" */;
			compatibilityVersion = "Xcode 9.3";
			developmentRegion = en;
			hasScannedForEncodings = 0;
			knownRegions = (
				en,
				Base,
			);
			mainGroup = 16B81248218D701000E24173;
			productRefGroup = 16B81252218D701000E24173 /* Products */;
			projectDirPath = "";
			projectRoot = "";
			targets = (
				16B81250218D701000E24173 /* movencoder2 */,
				16C1DAED2E87F02000DD415F /* movencoder2Tests */,
			);
		};
/* End PBXProject section */

/* Begin PBXSourcesBuildPhase section */
		16B8124D218D701000E24173 /* Sources */ = {
			isa = PBXSourcesBuildPhase;
			buildActionMask = 2147483647;
			files = (
				16741CE421A922C1000EEC78 /* SBChannel.m in Sources */,
				16D36C9322B5B4D7006E3DBF /* parseUtil.m in Sources */,
				16B8125C218D72AD00E24173 /* monitorUtil.m in Sources */,
				1613EE172E69BB01001F7E56 /* MEAudioConverter.m in Sources */,
				16741CEE21A92DD1000EEC78 /* MEOutput.m in Sources */,
				16ED62432E6BD1F800152AD8 /* MECommon.m in Sources */,
				16CA58622E7850420080658C /* MESecureLogging.m in Sources */,
				16C1DB1C2E88168600DD415F /* MEProgressUtil.m in Sources */,
				16741CF121B37DCD000EEC78 /* MEManager.m in Sources */,
				16C1DB2F2E8AACD100DD415F /* MEEncoderPipeline.m in Sources */,
				16C1DB302E8AACD100DD415F /* MEFilterPipeline.m in Sources */,
				16C1DB312E8AACD100DD415F /* MESampleBufferFactory.m in Sources */,
				16ED624A2E6C86BD00152AD8 /* METranscoder+prepareChannels.m in Sources */,
				16C1DAE72E87D32700DD415F /* MEVideoEncoderConfig.m in Sources */,
				16ED624B2E6C86BD00152AD8 /* METranscoder+paramParser.m in Sources */,
				16B81260218D754600E24173 /* METranscoder.m in Sources */,
				16B81255218D701000E24173 /* main.m in Sources */,
				16C1DAEA2E87D47600DD415F /* MEErrorFormatter.m in Sources */,
				16741CEB21A92DC6000EEC78 /* MEInput.m in Sources */,
				169986EA21F324F600072E5D /* MEUtils.m in Sources */,
			);
			runOnlyForDeploymentPostprocessing = 0;
		};
		16C1DAEE2E87F02000DD415F /* Sources */ = {
			isa = PBXSourcesBuildPhase;
			buildActionMask = 2147483647;
			files = (
				16C1DB092E87F32D00DD415F /* main.m in Sources */,
				16C1DB0A2E87F32D00DD415F /* METranscoder+paramParser.m in Sources */,
				16C1DB0B2E87F32D00DD415F /* SBChannel.m in Sources */,
				16C1DB0C2E87F32D00DD415F /* MECommon.m in Sources */,
				16C1DB0D2E87F32D00DD415F /* MEManager.m in Sources */,
				16C1DB282E8AAC4400DD415F /* MEPipelineIntegrationTests.m in Sources */,
				16C1DB0E2E87F32D00DD415F /* MEOutput.m in Sources */,
				16C1DB0F2E87F32D00DD415F /* MEVideoEncoderConfig.m in Sources */,
				16C1DB102E87F32D00DD415F /* METranscoder+prepareChannels.m in Sources */,
				16C1DB112E87F32D00DD415F /* MEAudioConverter.m in Sources */,
				16C1DB122E87F32D00DD415F /* METranscoder.m in Sources */,
				16C1DB132E87F32D00DD415F /* MEErrorFormatter.m in Sources */,
				16C1DB142E87F32D00DD415F /* monitorUtil.m in Sources */,
				16C1DB1D2E88168600DD415F /* MEProgressUtil.m in Sources */,
				16C1DB152E87F32D00DD415F /* MEUtils.m in Sources */,
				16C1DB162E87F32D00DD415F /* parseUtil.m in Sources */,
				16C1DB172E87F32D00DD415F /* MEInput.m in Sources */,
				16C1DB322E8AACD100DD415F /* MEEncoderPipeline.m in Sources */,
				16C1DB332E8AACD100DD415F /* MEFilterPipeline.m in Sources */,
				16C1DB342E8AACD100DD415F /* MESampleBufferFactory.m in Sources */,
				16C1DB182E87F32D00DD415F /* MESecureLogging.m in Sources */,
				16C1DAEF2E87F02000DD415F /* MEVideoEncoderConfigTests.m in Sources */,
			);
			runOnlyForDeploymentPostprocessing = 0;
		};
/* End PBXSourcesBuildPhase section */

/* Begin XCBuildConfiguration section */
		16B81256218D701000E24173 /* Debug */ = {
			isa = XCBuildConfiguration;
			buildSettings = {
				ALWAYS_SEARCH_USER_PATHS = NO;
				CLANG_ANALYZER_NONNULL = YES;
				CLANG_ANALYZER_NUMBER_OBJECT_CONVERSION = YES_AGGRESSIVE;
				CLANG_CXX_LANGUAGE_STANDARD = "gnu++20";
				CLANG_ENABLE_MODULES = YES;
				CLANG_ENABLE_OBJC_ARC = YES;
				CLANG_ENABLE_OBJC_WEAK = YES;
				CLANG_WARN_BLOCK_CAPTURE_AUTORELEASING = YES;
				CLANG_WARN_BOOL_CONVERSION = YES;
				CLANG_WARN_COMMA = YES;
				CLANG_WARN_CONSTANT_CONVERSION = YES;
				CLANG_WARN_DEPRECATED_OBJC_IMPLEMENTATIONS = YES;
				CLANG_WARN_DIRECT_OBJC_ISA_USAGE = YES_ERROR;
				CLANG_WARN_DOCUMENTATION_COMMENTS = YES;
				CLANG_WARN_EMPTY_BODY = YES;
				CLANG_WARN_ENUM_CONVERSION = YES;
				CLANG_WARN_INFINITE_RECURSION = YES;
				CLANG_WARN_INT_CONVERSION = YES;
				CLANG_WARN_NON_LITERAL_NULL_CONVERSION = YES;
				CLANG_WARN_OBJC_IMPLICIT_RETAIN_SELF = YES;
				CLANG_WARN_OBJC_LITERAL_CONVERSION = YES;
				CLANG_WARN_OBJC_ROOT_CLASS = YES_ERROR;
				CLANG_WARN_QUOTED_INCLUDE_IN_FRAMEWORK_HEADER = YES;
				CLANG_WARN_RANGE_LOOP_ANALYSIS = YES;
				CLANG_WARN_STRICT_PROTOTYPES = YES;
				CLANG_WARN_SUSPICIOUS_MOVE = YES;
				CLANG_WARN_UNGUARDED_AVAILABILITY = YES_AGGRESSIVE;
				CLANG_WARN_UNREACHABLE_CODE = YES;
				CLANG_WARN__DUPLICATE_METHOD_MATCH = YES;
				COPY_PHASE_STRIP = NO;
				DEAD_CODE_STRIPPING = YES;
				DEBUG_INFORMATION_FORMAT = dwarf;
				DEVELOPMENT_TEAM = BV5C4YNA4Z;
				ENABLE_STRICT_OBJC_MSGSEND = YES;
				ENABLE_TESTABILITY = YES;
				ENABLE_USER_SCRIPT_SANDBOXING = YES;
				GCC_C_LANGUAGE_STANDARD = gnu17;
				GCC_DYNAMIC_NO_PIC = NO;
				GCC_NO_COMMON_BLOCKS = YES;
				GCC_OPTIMIZATION_LEVEL = 0;
				GCC_PREPROCESSOR_DEFINITIONS = (
					"DEBUG=1",
					"$(inherited)",
				);
				GCC_WARN_64_TO_32_BIT_CONVERSION = YES;
				GCC_WARN_ABOUT_RETURN_TYPE = YES_ERROR;
				GCC_WARN_UNDECLARED_SELECTOR = YES;
				GCC_WARN_UNINITIALIZED_AUTOS = YES_AGGRESSIVE;
				GCC_WARN_UNUSED_FUNCTION = YES;
				GCC_WARN_UNUSED_VARIABLE = YES;
				MACOSX_DEPLOYMENT_TARGET = 12.0;
				MTL_ENABLE_DEBUG_INFO = INCLUDE_SOURCE;
				MTL_FAST_MATH = YES;
				ONLY_ACTIVE_ARCH = YES;
				SDKROOT = macosx;
				STRING_CATALOG_GENERATE_SYMBOLS = YES;
			};
			name = Debug;
		};
		16B81257218D701000E24173 /* Release */ = {
			isa = XCBuildConfiguration;
			buildSettings = {
				ALWAYS_SEARCH_USER_PATHS = NO;
				CLANG_ANALYZER_NONNULL = YES;
				CLANG_ANALYZER_NUMBER_OBJECT_CONVERSION = YES_AGGRESSIVE;
				CLANG_CXX_LANGUAGE_STANDARD = "gnu++20";
				CLANG_ENABLE_MODULES = YES;
				CLANG_ENABLE_OBJC_ARC = YES;
				CLANG_ENABLE_OBJC_WEAK = YES;
				CLANG_WARN_BLOCK_CAPTURE_AUTORELEASING = YES;
				CLANG_WARN_BOOL_CONVERSION = YES;
				CLANG_WARN_COMMA = YES;
				CLANG_WARN_CONSTANT_CONVERSION = YES;
				CLANG_WARN_DEPRECATED_OBJC_IMPLEMENTATIONS = YES;
				CLANG_WARN_DIRECT_OBJC_ISA_USAGE = YES_ERROR;
				CLANG_WARN_DOCUMENTATION_COMMENTS = YES;
				CLANG_WARN_EMPTY_BODY = YES;
				CLANG_WARN_ENUM_CONVERSION = YES;
				CLANG_WARN_INFINITE_RECURSION = YES;
				CLANG_WARN_INT_CONVERSION = YES;
				CLANG_WARN_NON_LITERAL_NULL_CONVERSION = YES;
				CLANG_WARN_OBJC_IMPLICIT_RETAIN_SELF = YES;
				CLANG_WARN_OBJC_LITERAL_CONVERSION = YES;
				CLANG_WARN_OBJC_ROOT_CLASS = YES_ERROR;
				CLANG_WARN_QUOTED_INCLUDE_IN_FRAMEWORK_HEADER = YES;
				CLANG_WARN_RANGE_LOOP_ANALYSIS = YES;
				CLANG_WARN_STRICT_PROTOTYPES = YES;
				CLANG_WARN_SUSPICIOUS_MOVE = YES;
				CLANG_WARN_UNGUARDED_AVAILABILITY = YES_AGGRESSIVE;
				CLANG_WARN_UNREACHABLE_CODE = YES;
				CLANG_WARN__DUPLICATE_METHOD_MATCH = YES;
				COPY_PHASE_STRIP = NO;
				DEAD_CODE_STRIPPING = YES;
				DEBUG_INFORMATION_FORMAT = "dwarf-with-dsym";
				DEVELOPMENT_TEAM = BV5C4YNA4Z;
				ENABLE_NS_ASSERTIONS = NO;
				ENABLE_STRICT_OBJC_MSGSEND = YES;
				ENABLE_USER_SCRIPT_SANDBOXING = YES;
				GCC_C_LANGUAGE_STANDARD = gnu17;
				GCC_NO_COMMON_BLOCKS = YES;
				GCC_WARN_64_TO_32_BIT_CONVERSION = YES;
				GCC_WARN_ABOUT_RETURN_TYPE = YES_ERROR;
				GCC_WARN_UNDECLARED_SELECTOR = YES;
				GCC_WARN_UNINITIALIZED_AUTOS = YES_AGGRESSIVE;
				GCC_WARN_UNUSED_FUNCTION = YES;
				GCC_WARN_UNUSED_VARIABLE = YES;
				MACOSX_DEPLOYMENT_TARGET = 12.0;
				MTL_ENABLE_DEBUG_INFO = NO;
				MTL_FAST_MATH = YES;
				ONLY_ACTIVE_ARCH = YES;
				SDKROOT = macosx;
				STRING_CATALOG_GENERATE_SYMBOLS = YES;
			};
			name = Release;
		};
		16B81259218D701000E24173 /* Debug */ = {
			isa = XCBuildConfiguration;
			buildSettings = {
				CODE_SIGN_IDENTITY = "-";
				CODE_SIGN_STYLE = Automatic;
				DEAD_CODE_STRIPPING = YES;
				FRAMEWORK_SEARCH_PATHS = (
					"$(inherited)",
					"$(USER_LIBRARY_DIR)/Frameworks",
				);
				HEADER_SEARCH_PATHS = (
					"$(inherited)",
					"/usr/local/include/**",
					"$(SRCROOT)/**",
				);
				LIBRARY_SEARCH_PATHS = (
					"$(inherited)",
					/usr/local/lib,
					/opt/local/lib,
				);
				PRODUCT_NAME = "$(TARGET_NAME)";
			};
			name = Debug;
		};
		16B8125A218D701000E24173 /* Release */ = {
			isa = XCBuildConfiguration;
			buildSettings = {
				CODE_SIGN_IDENTITY = "-";
				CODE_SIGN_STYLE = Automatic;
				DEAD_CODE_STRIPPING = YES;
				FRAMEWORK_SEARCH_PATHS = (
					"$(inherited)",
					"$(USER_LIBRARY_DIR)/Frameworks",
				);
				HEADER_SEARCH_PATHS = (
					"$(inherited)",
					"/usr/local/include/**",
					"$(SRCROOT)/**",
				);
				LIBRARY_SEARCH_PATHS = (
					"$(inherited)",
					/usr/local/lib,
					/opt/local/lib,
				);
				PRODUCT_NAME = "$(TARGET_NAME)";
			};
			name = Release;
		};
		16C1DAF02E87F02000DD415F /* Debug */ = {
			isa = XCBuildConfiguration;
			buildSettings = {
				ALWAYS_SEARCH_USER_PATHS = NO;
				CLANG_ENABLE_OBJC_ARC = YES;
				CODE_SIGN_IDENTITY = "-";
				CODE_SIGN_STYLE = Automatic;
				DEAD_CODE_STRIPPING = YES;
				DEBUG_INFORMATION_FORMAT = dwarf;
				ENABLE_TESTABILITY = YES;
				GCC_PREPROCESSOR_DEFINITIONS = (
					"DEBUG=1",
					"$(inherited)",
				);
				GENERATE_INFOPLIST_FILE = YES;
				HEADER_SEARCH_PATHS = (
					"$(inherited)",
					"/usr/local/include/**",
					"$(SRCROOT)/**",
				);
				LIBRARY_SEARCH_PATHS = (
					"$(inherited)",
					/usr/local/lib,
					/opt/local/lib,
				);
				PRODUCT_NAME = "$(TARGET_NAME)";
				SDKROOT = macosx;
			};
			name = Debug;
		};
		16C1DAF12E87F02000DD415F /* Release */ = {
			isa = XCBuildConfiguration;
			buildSettings = {
				ALWAYS_SEARCH_USER_PATHS = NO;
				CLANG_ENABLE_OBJC_ARC = YES;
				CODE_SIGN_IDENTITY = "-";
				CODE_SIGN_STYLE = Automatic;
				DEAD_CODE_STRIPPING = YES;
				DEBUG_INFORMATION_FORMAT = "dwarf-with-dsym";
				GENERATE_INFOPLIST_FILE = YES;
				HEADER_SEARCH_PATHS = (
					"$(inherited)",
					"/usr/local/include/**",
					"$(SRCROOT)/**",
				);
				LIBRARY_SEARCH_PATHS = (
					"$(inherited)",
					/usr/local/lib,
					/opt/local/lib,
				);
				PRODUCT_NAME = "$(TARGET_NAME)";
				SDKROOT = macosx;
			};
			name = Release;
		};
/* End XCBuildConfiguration section */

/* Begin XCConfigurationList section */
		16B8124C218D701000E24173 /* Build configuration list for PBXProject "movencoder2" */ = {
			isa = XCConfigurationList;
			buildConfigurations = (
				16B81256218D701000E24173 /* Debug */,
				16B81257218D701000E24173 /* Release */,
			);
			defaultConfigurationIsVisible = 0;
			defaultConfigurationName = Release;
		};
		16B81258218D701000E24173 /* Build configuration list for PBXNativeTarget "movencoder2" */ = {
			isa = XCConfigurationList;
			buildConfigurations = (
				16B81259218D701000E24173 /* Debug */,
				16B8125A218D701000E24173 /* Release */,
			);
			defaultConfigurationIsVisible = 0;
			defaultConfigurationName = Release;
		};
		16C1DAF22E87F02000DD415F /* Build configuration list for PBXNativeTarget "movencoder2Tests" */ = {
			isa = XCConfigurationList;
			buildConfigurations = (
				16C1DAF02E87F02000DD415F /* Debug */,
				16C1DAF12E87F02000DD415F /* Release */,
			);
			defaultConfigurationIsVisible = 0;
			defaultConfigurationName = Release;
		};
/* End XCConfigurationList section */
	};
	rootObject = 16B81249218D701000E24173 /* Project object */;
}
