// !$*UTF8*$!
{
	archiveVersion = 1;
	classes = {
	};
	objectVersion = 54;
	objects = {

/* Begin PBXBuildFile section */
		03335379BE594B0BE74BE0A0 /* libz.dylib in Frameworks */ = {isa = PBXBuildFile; fileRef = 1654A0C926DC75D500E7DBB8 /* libz.dylib */; };
		0A7E9E504F17668C803F5E74 /* libswscale.dylib in Frameworks */ = {isa = PBXBuildFile; fileRef = 1654A0CF26DC768F00E7DBB8 /* libswscale.dylib */; };
		135C9D880183A84B1FAD8F33 /* libswresample.dylib in Frameworks */ = {isa = PBXBuildFile; fileRef = 1654A0D626DC768F00E7DBB8 /* libswresample.dylib */; };
		1654A0CB26DC75D500E7DBB8 /* liblzma.dylib in Frameworks */ = {isa = PBXBuildFile; fileRef = 1654A0C826DC75D500E7DBB8 /* liblzma.dylib */; };
		1654A0CC26DC75D500E7DBB8 /* libz.dylib in Frameworks */ = {isa = PBXBuildFile; fileRef = 1654A0C926DC75D500E7DBB8 /* libz.dylib */; };
		1654A0CD26DC75D500E7DBB8 /* libbz2.dylib in Frameworks */ = {isa = PBXBuildFile; fileRef = 1654A0CA26DC75D500E7DBB8 /* libbz2.dylib */; };
		1654A0D926DC768F00E7DBB8 /* libswscale.dylib in Frameworks */ = {isa = PBXBuildFile; fileRef = 1654A0CF26DC768F00E7DBB8 /* libswscale.dylib */; };
		1654A0DA26DC768F00E7DBB8 /* libx264.dylib in Frameworks */ = {isa = PBXBuildFile; fileRef = 1654A0D026DC768F00E7DBB8 /* libx264.dylib */; };
		1654A0DB26DC768F00E7DBB8 /* libavfilter.dylib in Frameworks */ = {isa = PBXBuildFile; fileRef = 1654A0D126DC768F00E7DBB8 /* libavfilter.dylib */; };
		1654A0DD26DC768F00E7DBB8 /* libavformat.dylib in Frameworks */ = {isa = PBXBuildFile; fileRef = 1654A0D326DC768F00E7DBB8 /* libavformat.dylib */; };
		1654A0DE26DC768F00E7DBB8 /* libavdevice.dylib in Frameworks */ = {isa = PBXBuildFile; fileRef = 1654A0D426DC768F00E7DBB8 /* libavdevice.dylib */; };
		1654A0DF26DC768F00E7DBB8 /* libavutil.dylib in Frameworks */ = {isa = PBXBuildFile; fileRef = 1654A0D526DC768F00E7DBB8 /* libavutil.dylib */; };
		1654A0E026DC769000E7DBB8 /* libswresample.dylib in Frameworks */ = {isa = PBXBuildFile; fileRef = 1654A0D626DC768F00E7DBB8 /* libswresample.dylib */; };
		1654A0E126DC769000E7DBB8 /* libx265.dylib in Frameworks */ = {isa = PBXBuildFile; fileRef = 1654A0D726DC768F00E7DBB8 /* libx265.dylib */; };
		1654A0E226DC769000E7DBB8 /* libavcodec.dylib in Frameworks */ = {isa = PBXBuildFile; fileRef = 1654A0D826DC768F00E7DBB8 /* libavcodec.dylib */; };
		16B81255218D701000E24173 /* main.m in Sources */ = {isa = PBXBuildFile; fileRef = 16B81254218D701000E24173 /* main.m */; };
		16C1DAE72E87D32700DD415F /* MEVideoEncoderConfig.m in Sources */ = {isa = PBXBuildFile; fileRef = 16C1DAE52E87D32700DD415F /* MEVideoEncoderConfig.m */; };
		16C1DAEF2E87F02000DD415F /* MEVideoEncoderConfigTests.m in Sources */ = {isa = PBXBuildFile; fileRef = 16C1DAEB2E87EF1F00DD415F /* MEVideoEncoderConfigTests.m */; };
		16C1DAF42E87F0A000DD415F /* XCTest.framework in Frameworks */ = {isa = PBXBuildFile; fileRef = 16C1DAF32E87F0A000DD415F /* XCTest.framework */; };
		16C1DAFD2E87F28B00DD415F /* libbz2.dylib in Frameworks */ = {isa = PBXBuildFile; fileRef = 1654A0CA26DC75D500E7DBB8 /* libbz2.dylib */; };
		16C1DAFE2E87F29200DD415F /* liblzma.dylib in Frameworks */ = {isa = PBXBuildFile; fileRef = 1654A0C826DC75D500E7DBB8 /* liblzma.dylib */; };
		16C1DAFF2E87F29800DD415F /* libz.dylib in Frameworks */ = {isa = PBXBuildFile; fileRef = 1654A0C926DC75D500E7DBB8 /* libz.dylib */; };
		16C1DB002E87F29E00DD415F /* libx265.dylib in Frameworks */ = {isa = PBXBuildFile; fileRef = 1654A0D726DC768F00E7DBB8 /* libx265.dylib */; };
		16C1DB012E87F2A500DD415F /* libx264.dylib in Frameworks */ = {isa = PBXBuildFile; fileRef = 1654A0D026DC768F00E7DBB8 /* libx264.dylib */; };
		16C1DB022E87F2AA00DD415F /* libswscale.dylib in Frameworks */ = {isa = PBXBuildFile; fileRef = 1654A0CF26DC768F00E7DBB8 /* libswscale.dylib */; };
		16C1DB032E87F2B100DD415F /* libswresample.dylib in Frameworks */ = {isa = PBXBuildFile; fileRef = 1654A0D626DC768F00E7DBB8 /* libswresample.dylib */; };
		16C1DB042E87F2B700DD415F /* libavutil.dylib in Frameworks */ = {isa = PBXBuildFile; fileRef = 1654A0D526DC768F00E7DBB8 /* libavutil.dylib */; };
		16C1DB052E87F2C000DD415F /* libavformat.dylib in Frameworks */ = {isa = PBXBuildFile; fileRef = 1654A0D326DC768F00E7DBB8 /* libavformat.dylib */; };
		16C1DB062E87F2C600DD415F /* libavfilter.dylib in Frameworks */ = {isa = PBXBuildFile; fileRef = 1654A0D126DC768F00E7DBB8 /* libavfilter.dylib */; };
		16C1DB072E87F2CC00DD415F /* libavdevice.dylib in Frameworks */ = {isa = PBXBuildFile; fileRef = 1654A0D426DC768F00E7DBB8 /* libavdevice.dylib */; };
		16C1DB082E87F2D200DD415F /* libavcodec.dylib in Frameworks */ = {isa = PBXBuildFile; fileRef = 1654A0D826DC768F00E7DBB8 /* libavcodec.dylib */; };
		16C1DB092E87F32D00DD415F /* main.m in Sources */ = {isa = PBXBuildFile; fileRef = 16B81254218D701000E24173 /* main.m */; };
		16C1DB0F2E87F32D00DD415F /* MEVideoEncoderConfig.m in Sources */ = {isa = PBXBuildFile; fileRef = 16C1DAE52E87D32700DD415F /* MEVideoEncoderConfig.m */; };
		16C1DB282E8AAC4400DD415F /* MEPipelineIntegrationTests.m in Sources */ = {isa = PBXBuildFile; fileRef = 16C1DB272E8AAC4400DD415F /* MEPipelineIntegrationTests.m */; };
        16C1DB3A2E9ABC0000DD415F /* MEAudioConverterVolumeTests.m in Sources */ = {isa = PBXBuildFile; fileRef = 16C1DB392E9ABBFF00DD415F /* MEAudioConverterVolumeTests.m */; };
        16C1DB3C2E9ABC0100DD415F /* SBChannelFlowTests.m in Sources */ = {isa = PBXBuildFile; fileRef = 16C1DB3B2E9ABC0000DD415F /* SBChannelFlowTests.m */; };
		F0A1B2C53D4E5F60718293A6 /* MEEncoderPipelineFlagsTests.m in Sources */ = {isa = PBXBuildFile; fileRef = F0A1B2C33D4E5F60718293A4 /* MEEncoderPipelineFlagsTests.m */; };
		16DF462F2E8C1A2B006AF79A /* parseUtil.m in Sources */ = {isa = PBXBuildFile; fileRef = 16DF462D2E8C1A2B006AF79A /* parseUtil.m */; };
		16DF46302E8C1A2B006AF79A /* monitorUtil.m in Sources */ = {isa = PBXBuildFile; fileRef = 16DF462B2E8C1A2B006AF79A /* monitorUtil.m */; };
		16DF46312E8C1A2B006AF79A /* METranscoder+paramParser.m in Sources */ = {isa = PBXBuildFile; fileRef = 16DF460F2E8C1A2B006AF79A /* METranscoder+paramParser.m */; };
		16DF46322E8C1A2B006AF79A /* MEManager.m in Sources */ = {isa = PBXBuildFile; fileRef = 16DF460B2E8C1A2B006AF79A /* MEManager.m */; };
		16DF46332E8C1A2B006AF79A /* MESecureLogging.m in Sources */ = {isa = PBXBuildFile; fileRef = 16DF46272E8C1A2B006AF79A /* MESecureLogging.m */; };
		16DF46342E8C1A2B006AF79A /* MEErrorFormatter.m in Sources */ = {isa = PBXBuildFile; fileRef = 16DF46232E8C1A2B006AF79A /* MEErrorFormatter.m */; };
		16DF46352E8C1A2B006AF79A /* SBChannel.m in Sources */ = {isa = PBXBuildFile; fileRef = 16DF46172E8C1A2B006AF79A /* SBChannel.m */; };
		16DF46362E8C1A2B006AF79A /* MEUtils.m in Sources */ = {isa = PBXBuildFile; fileRef = 16DF46292E8C1A2B006AF79A /* MEUtils.m */; };
		16DF46372E8C1A2B006AF79A /* MEEncoderPipeline.m in Sources */ = {isa = PBXBuildFile; fileRef = 16DF461A2E8C1A2B006AF79A /* MEEncoderPipeline.m */; };
		16DF46382E8C1A2B006AF79A /* MECommon.m in Sources */ = {isa = PBXBuildFile; fileRef = 16DF46212E8C1A2B006AF79A /* MECommon.m */; };
		16DF46392E8C1A2B006AF79A /* MEOutput.m in Sources */ = {isa = PBXBuildFile; fileRef = 16DF46152E8C1A2B006AF79A /* MEOutput.m */; };
		16DF463A2E8C1A2B006AF79A /* METranscoder+prepareChannels.m in Sources */ = {isa = PBXBuildFile; fileRef = 16DF46102E8C1A2B006AF79A /* METranscoder+prepareChannels.m */; };
		16DF463B2E8C1A2B006AF79A /* MEFilterPipeline.m in Sources */ = {isa = PBXBuildFile; fileRef = 16DF461C2E8C1A2B006AF79A /* MEFilterPipeline.m */; };
		16DF463C2E8C1A2B006AF79A /* MEProgressUtil.m in Sources */ = {isa = PBXBuildFile; fileRef = 16DF46252E8C1A2B006AF79A /* MEProgressUtil.m */; };
		16DF463D2E8C1A2B006AF79A /* MESampleBufferFactory.m in Sources */ = {isa = PBXBuildFile; fileRef = 16DF461E2E8C1A2B006AF79A /* MESampleBufferFactory.m */; };
		16DF463E2E8C1A2B006AF79A /* MEInput.m in Sources */ = {isa = PBXBuildFile; fileRef = 16DF46132E8C1A2B006AF79A /* MEInput.m */; };
		16DF463F2E8C1A2B006AF79A /* MEAudioConverter.m in Sources */ = {isa = PBXBuildFile; fileRef = 16DF46092E8C1A2B006AF79A /* MEAudioConverter.m */; };
		16DF46402E8C1A2B006AF79A /* METranscoder.m in Sources */ = {isa = PBXBuildFile; fileRef = 16DF460D2E8C1A2B006AF79A /* METranscoder.m */; };
		16DF46412E8C1A2B006AF79A /* parseUtil.m in Sources */ = {isa = PBXBuildFile; fileRef = 16DF462D2E8C1A2B006AF79A /* parseUtil.m */; };
		16DF46422E8C1A2B006AF79A /* monitorUtil.m in Sources */ = {isa = PBXBuildFile; fileRef = 16DF462B2E8C1A2B006AF79A /* monitorUtil.m */; };
		16DF46432E8C1A2B006AF79A /* METranscoder+paramParser.m in Sources */ = {isa = PBXBuildFile; fileRef = 16DF460F2E8C1A2B006AF79A /* METranscoder+paramParser.m */; };
		16DF46442E8C1A2B006AF79A /* MEManager.m in Sources */ = {isa = PBXBuildFile; fileRef = 16DF460B2E8C1A2B006AF79A /* MEManager.m */; };
		16DF46452E8C1A2B006AF79A /* MESecureLogging.m in Sources */ = {isa = PBXBuildFile; fileRef = 16DF46272E8C1A2B006AF79A /* MESecureLogging.m */; };
		16DF46462E8C1A2B006AF79A /* MEErrorFormatter.m in Sources */ = {isa = PBXBuildFile; fileRef = 16DF46232E8C1A2B006AF79A /* MEErrorFormatter.m */; };
		16DF46472E8C1A2B006AF79A /* SBChannel.m in Sources */ = {isa = PBXBuildFile; fileRef = 16DF46172E8C1A2B006AF79A /* SBChannel.m */; };
		16DF46482E8C1A2B006AF79A /* MEUtils.m in Sources */ = {isa = PBXBuildFile; fileRef = 16DF46292E8C1A2B006AF79A /* MEUtils.m */; };
		16DF46492E8C1A2B006AF79A /* MEEncoderPipeline.m in Sources */ = {isa = PBXBuildFile; fileRef = 16DF461A2E8C1A2B006AF79A /* MEEncoderPipeline.m */; };
		16DF464A2E8C1A2B006AF79A /* MECommon.m in Sources */ = {isa = PBXBuildFile; fileRef = 16DF46212E8C1A2B006AF79A /* MECommon.m */; };
		16DF464B2E8C1A2B006AF79A /* MEOutput.m in Sources */ = {isa = PBXBuildFile; fileRef = 16DF46152E8C1A2B006AF79A /* MEOutput.m */; };
		16DF464C2E8C1A2B006AF79A /* METranscoder+prepareChannels.m in Sources */ = {isa = PBXBuildFile; fileRef = 16DF46102E8C1A2B006AF79A /* METranscoder+prepareChannels.m */; };
		16DF464D2E8C1A2B006AF79A /* MEFilterPipeline.m in Sources */ = {isa = PBXBuildFile; fileRef = 16DF461C2E8C1A2B006AF79A /* MEFilterPipeline.m */; };
		16DF464E2E8C1A2B006AF79A /* MEProgressUtil.m in Sources */ = {isa = PBXBuildFile; fileRef = 16DF46252E8C1A2B006AF79A /* MEProgressUtil.m */; };
		16DF464F2E8C1A2B006AF79A /* MESampleBufferFactory.m in Sources */ = {isa = PBXBuildFile; fileRef = 16DF461E2E8C1A2B006AF79A /* MESampleBufferFactory.m */; };
		16DF46502E8C1A2B006AF79A /* MEInput.m in Sources */ = {isa = PBXBuildFile; fileRef = 16DF46132E8C1A2B006AF79A /* MEInput.m */; };
		16DF46512E8C1A2B006AF79A /* MEAudioConverter.m in Sources */ = {isa = PBXBuildFile; fileRef = 16DF46092E8C1A2B006AF79A /* MEAudioConverter.m */; };
		16DF46522E8C1A2B006AF79A /* METranscoder.m in Sources */ = {isa = PBXBuildFile; fileRef = 16DF460D2E8C1A2B006AF79A /* METranscoder.m */; };
		1BAF79E5C585085357F9A73B /* METypes.h in Headers */ = {isa = PBXBuildFile; fileRef = 4FD05FB22946F177AEB42A31 /* METypes.h */; settings = {ATTRIBUTES = (Public, ); }; };
		1BFF3EE565AB8FB4711ED5EE /* MEManager.m in Sources */ = {isa = PBXBuildFile; fileRef = 16DF460B2E8C1A2B006AF79A /* MEManager.m */; };
		1D11CDEAA37208A00F416DEF /* libavcodec.dylib in Frameworks */ = {isa = PBXBuildFile; fileRef = 1654A0D826DC768F00E7DBB8 /* libavcodec.dylib */; };
		302193E1CC6EA04D0CFE90BA /* MovEncoder2.h in Headers */ = {isa = PBXBuildFile; fileRef = 88E4924A5F224FEBC6F487C6 /* MovEncoder2.h */; settings = {ATTRIBUTES = (Public, ); }; };
		35847512A10982B9DDE114BF /* METranscoder.m in Sources */ = {isa = PBXBuildFile; fileRef = 16DF460D2E8C1A2B006AF79A /* METranscoder.m */; };
		410B07B6C391F9C0C09C176D /* MEEncoderPipeline.m in Sources */ = {isa = PBXBuildFile; fileRef = 16DF461A2E8C1A2B006AF79A /* MEEncoderPipeline.m */; };
		4A9287D6166428C1DB3F3945 /* libbz2.dylib in Frameworks */ = {isa = PBXBuildFile; fileRef = 1654A0CA26DC75D500E7DBB8 /* libbz2.dylib */; };
		4C9AF69D58D50AFF1F03EC33 /* MEVideoEncoderConfig.h in Headers */ = {isa = PBXBuildFile; fileRef = 7CA784927658D9205565C4CA /* MEVideoEncoderConfig.h */; settings = {ATTRIBUTES = (Public, ); }; };
		561FE70C29F15BA9C9FEBE40 /* monitorUtil.m in Sources */ = {isa = PBXBuildFile; fileRef = 16DF462B2E8C1A2B006AF79A /* monitorUtil.m */; };
		5702919591D781D32A32010B /* METranscoder+prepareChannels.m in Sources */ = {isa = PBXBuildFile; fileRef = 16DF46102E8C1A2B006AF79A /* METranscoder+prepareChannels.m */; };
		598EE6DB43A904A4B6D4EFBB /* AVFoundation.framework in Frameworks */ = {isa = PBXBuildFile; fileRef = 16741CE521A924FB000EEC78 /* AVFoundation.framework */; };
		59CAAE5124E6A24CA017A55F /* MECommon.m in Sources */ = {isa = PBXBuildFile; fileRef = 16DF46212E8C1A2B006AF79A /* MECommon.m */; };
		5A21ABF6702D4913705C3748 /* libavfilter.dylib in Frameworks */ = {isa = PBXBuildFile; fileRef = 1654A0D126DC768F00E7DBB8 /* libavfilter.dylib */; };
		5AC7ED271DDDA1FCECCCE5E8 /* METranscoder+paramParser.m in Sources */ = {isa = PBXBuildFile; fileRef = 16DF460F2E8C1A2B006AF79A /* METranscoder+paramParser.m */; };
		69AF04979304B7A6C8CE98D9 /* CoreMedia.framework in Frameworks */ = {isa = PBXBuildFile; fileRef = 16741CE721A92550000EEC78 /* CoreMedia.framework */; };
		6B5D4C3AA6CADEAC6E556FB7 /* MEOutput.m in Sources */ = {isa = PBXBuildFile; fileRef = 16DF46152E8C1A2B006AF79A /* MEOutput.m */; };
		6F9EF8D740509057050870E8 /* Cocoa.framework in Frameworks */ = {isa = PBXBuildFile; fileRef = 166902585CAFD658422CF0F8 /* Cocoa.framework */; };
		75E5BE24B73F1C9A77ED9515 /* MESecureLogging.m in Sources */ = {isa = PBXBuildFile; fileRef = 16DF46272E8C1A2B006AF79A /* MESecureLogging.m */; };
		783B349165355E5050E83608 /* MEVideoEncoderConfig.m in Sources */ = {isa = PBXBuildFile; fileRef = 16C1DAE52E87D32700DD415F /* MEVideoEncoderConfig.m */; };
		7D4EC5E56AB8374E89114327 /* SBChannel.m in Sources */ = {isa = PBXBuildFile; fileRef = 16DF46172E8C1A2B006AF79A /* SBChannel.m */; };
		85CE3B3CFE2A53FA1E25F99B /* libx265.dylib in Frameworks */ = {isa = PBXBuildFile; fileRef = 1654A0D726DC768F00E7DBB8 /* libx265.dylib */; };
		86B15BB2F731FBE26D2C6C9A /* MEUtils.m in Sources */ = {isa = PBXBuildFile; fileRef = 16DF46292E8C1A2B006AF79A /* MEUtils.m */; };
		92EFEA24A48009B8A490BF69 /* MEProgressUtil.m in Sources */ = {isa = PBXBuildFile; fileRef = 16DF46252E8C1A2B006AF79A /* MEProgressUtil.m */; };
		A0F3DFBEAE2BB3645B40C0AC /* MESampleBufferFactory.m in Sources */ = {isa = PBXBuildFile; fileRef = 16DF461E2E8C1A2B006AF79A /* MESampleBufferFactory.m */; };
		AFA669690DC9626C9F111E05 /* MEFilterPipeline.m in Sources */ = {isa = PBXBuildFile; fileRef = 16DF461C2E8C1A2B006AF79A /* MEFilterPipeline.m */; };
		BB36A6D4000AA00152243FE6 /* liblzma.dylib in Frameworks */ = {isa = PBXBuildFile; fileRef = 1654A0C826DC75D500E7DBB8 /* liblzma.dylib */; };
		C67550F6C4471657E6B67C5D /* libavformat.dylib in Frameworks */ = {isa = PBXBuildFile; fileRef = 1654A0D326DC768F00E7DBB8 /* libavformat.dylib */; };
		C76FF6E92A6AD27413CBDEDF /* libx264.dylib in Frameworks */ = {isa = PBXBuildFile; fileRef = 1654A0D026DC768F00E7DBB8 /* libx264.dylib */; };
		C92CF6D954CEFF554F02487D /* MEErrorFormatter.m in Sources */ = {isa = PBXBuildFile; fileRef = 16DF46232E8C1A2B006AF79A /* MEErrorFormatter.m */; };
		CB8812B29C71ED6F82B4C510 /* parseUtil.m in Sources */ = {isa = PBXBuildFile; fileRef = 16DF462D2E8C1A2B006AF79A /* parseUtil.m */; };
		CBF8E46DE3E75C3B7F0BD145 /* AVFoundation.framework in Frameworks */ = {isa = PBXBuildFile; fileRef = 16741CE521A924FB000EEC78 /* AVFoundation.framework */; };
		CD3BC7B3F5E872CCC5452357 /* MEAudioConverter.m in Sources */ = {isa = PBXBuildFile; fileRef = 16DF46092E8C1A2B006AF79A /* MEAudioConverter.m */; };
		DE577915143D75A96A0DE43E /* libavdevice.dylib in Frameworks */ = {isa = PBXBuildFile; fileRef = 1654A0D426DC768F00E7DBB8 /* libavdevice.dylib */; };
		E4F9A06F257156BF211086FE /* libavutil.dylib in Frameworks */ = {isa = PBXBuildFile; fileRef = 1654A0D526DC768F00E7DBB8 /* libavutil.dylib */; };
		EB9606AA77EBCAF3114F4AFA /* MEInput.m in Sources */ = {isa = PBXBuildFile; fileRef = 16DF46132E8C1A2B006AF79A /* MEInput.m */; };
		F9E76642A4DF3EEC2DD8EDD6 /* METranscoder.h in Headers */ = {isa = PBXBuildFile; fileRef = 88EB2448986096AB744FA246 /* METranscoder.h */; settings = {ATTRIBUTES = (Public, ); }; };
        F1A2B3C44D5E6F708192A3B4 /* METranscodeConfiguration.m in Sources */ = {isa = PBXBuildFile; fileRef = F1A2B3C34D5E6F708192A3B4 /* METranscodeConfiguration.m */; };
        F1A2B3C64D5E6F708192A3B5 /* METranscodeConfiguration.m in Sources */ = {isa = PBXBuildFile; fileRef = F1A2B3C34D5E6F708192A3B4 /* METranscodeConfiguration.m */; };
        F1A2B3C74D5E6F708192A3B6 /* METranscodeConfiguration.m in Sources */ = {isa = PBXBuildFile; fileRef = F1A2B3C34D5E6F708192A3B4 /* METranscodeConfiguration.m */; };
/* End PBXBuildFile section */

/* Begin PBXCopyFilesBuildPhase section */
		16B8124F218D701000E24173 /* CopyFiles */ = {
			isa = PBXCopyFilesBuildPhase;
			buildActionMask = 2147483647;
			dstPath = /usr/share/man/man1/;
			dstSubfolderSpec = 0;
			files = (
			);
			runOnlyForDeploymentPostprocessing = 1;
		};
/* End PBXCopyFilesBuildPhase section */

/* Begin PBXFileReference section */
		161907892884E28B001BFA7E /* HowToBuildLibs.md */ = {isa = PBXFileReference; lastKnownFileType = net.daringfireball.markdown; path = HowToBuildLibs.md; sourceTree = "<group>"; };
		1654A0C826DC75D500E7DBB8 /* liblzma.dylib */ = {isa = PBXFileReference; lastKnownFileType = "compiled.mach-o.dylib"; name = liblzma.dylib; path = ../../../../../opt/local/lib/liblzma.dylib; sourceTree = "<group>"; };
		1654A0C926DC75D500E7DBB8 /* libz.dylib */ = {isa = PBXFileReference; lastKnownFileType = "compiled.mach-o.dylib"; name = libz.dylib; path = ../../../../../opt/local/lib/libz.dylib; sourceTree = "<group>"; };
		1654A0CA26DC75D500E7DBB8 /* libbz2.dylib */ = {isa = PBXFileReference; lastKnownFileType = "compiled.mach-o.dylib"; name = libbz2.dylib; path = ../../../../../opt/local/lib/libbz2.dylib; sourceTree = "<group>"; };
		1654A0CF26DC768F00E7DBB8 /* libswscale.dylib */ = {isa = PBXFileReference; lastKnownFileType = "compiled.mach-o.dylib"; name = libswscale.dylib; path = ../../../../../usr/local/lib/libswscale.dylib; sourceTree = "<group>"; };
		1654A0D026DC768F00E7DBB8 /* libx264.dylib */ = {isa = PBXFileReference; lastKnownFileType = "compiled.mach-o.dylib"; name = libx264.dylib; path = ../../../../../usr/local/lib/libx264.dylib; sourceTree = "<group>"; };
		1654A0D126DC768F00E7DBB8 /* libavfilter.dylib */ = {isa = PBXFileReference; lastKnownFileType = "compiled.mach-o.dylib"; name = libavfilter.dylib; path = ../../../../../usr/local/lib/libavfilter.dylib; sourceTree = "<group>"; };
		1654A0D326DC768F00E7DBB8 /* libavformat.dylib */ = {isa = PBXFileReference; lastKnownFileType = "compiled.mach-o.dylib"; name = libavformat.dylib; path = ../../../../../usr/local/lib/libavformat.dylib; sourceTree = "<group>"; };
		1654A0D426DC768F00E7DBB8 /* libavdevice.dylib */ = {isa = PBXFileReference; lastKnownFileType = "compiled.mach-o.dylib"; name = libavdevice.dylib; path = ../../../../../usr/local/lib/libavdevice.dylib; sourceTree = "<group>"; };
		1654A0D526DC768F00E7DBB8 /* libavutil.dylib */ = {isa = PBXFileReference; lastKnownFileType = "compiled.mach-o.dylib"; name = libavutil.dylib; path = ../../../../../usr/local/lib/libavutil.dylib; sourceTree = "<group>"; };
		1654A0D626DC768F00E7DBB8 /* libswresample.dylib */ = {isa = PBXFileReference; lastKnownFileType = "compiled.mach-o.dylib"; name = libswresample.dylib; path = ../../../../../usr/local/lib/libswresample.dylib; sourceTree = "<group>"; };
		1654A0D726DC768F00E7DBB8 /* libx265.dylib */ = {isa = PBXFileReference; lastKnownFileType = "compiled.mach-o.dylib"; name = libx265.dylib; path = ../../../../../usr/local/lib/libx265.dylib; sourceTree = "<group>"; };
		1654A0D826DC768F00E7DBB8 /* libavcodec.dylib */ = {isa = PBXFileReference; lastKnownFileType = "compiled.mach-o.dylib"; name = libavcodec.dylib; path = ../../../../../usr/local/lib/libavcodec.dylib; sourceTree = "<group>"; };
		166902585CAFD658422CF0F8 /* Cocoa.framework */ = {isa = PBXFileReference; lastKnownFileType = wrapper.framework; name = Cocoa.framework; path = Platforms/MacOSX.platform/Developer/SDKs/MacOSX10.15.sdk/System/Library/Frameworks/Cocoa.framework; sourceTree = DEVELOPER_DIR; };
		16741CE521A924FB000EEC78 /* AVFoundation.framework */ = {isa = PBXFileReference; lastKnownFileType = wrapper.framework; name = AVFoundation.framework; path = System/Library/Frameworks/AVFoundation.framework; sourceTree = SDKROOT; };
		16741CE721A92550000EEC78 /* CoreMedia.framework */ = {isa = PBXFileReference; lastKnownFileType = wrapper.framework; name = CoreMedia.framework; path = System/Library/Frameworks/CoreMedia.framework; sourceTree = SDKROOT; };
		16A9573A22C05AED008868AF /* COPYING.txt */ = {isa = PBXFileReference; lastKnownFileType = text; path = COPYING.txt; sourceTree = "<group>"; };
		16A9573B22C05AED008868AF /* README.md */ = {isa = PBXFileReference; lastKnownFileType = net.daringfireball.markdown; path = README.md; sourceTree = "<group>"; };
		16B81251218D701000E24173 /* movencoder2 */ = {isa = PBXFileReference; explicitFileType = "compiled.mach-o.executable"; includeInIndex = 0; path = movencoder2; sourceTree = BUILT_PRODUCTS_DIR; };
		16B81254218D701000E24173 /* main.m */ = {isa = PBXFileReference; lastKnownFileType = sourcecode.c.objc; path = main.m; sourceTree = "<group>"; };
		16C1DAE32E87D32700DD415F /* METypes.h */ = {isa = PBXFileReference; lastKnownFileType = sourcecode.c.h; path = METypes.h; sourceTree = "<group>"; };
		16C1DAE42E87D32700DD415F /* MEVideoEncoderConfig.h */ = {isa = PBXFileReference; lastKnownFileType = sourcecode.c.h; path = MEVideoEncoderConfig.h; sourceTree = "<group>"; };
		16C1DAE52E87D32700DD415F /* MEVideoEncoderConfig.m */ = {isa = PBXFileReference; lastKnownFileType = sourcecode.c.objc; path = MEVideoEncoderConfig.m; sourceTree = "<group>"; };
		16C1DAEB2E87EF1F00DD415F /* MEVideoEncoderConfigTests.m */ = {isa = PBXFileReference; lastKnownFileType = sourcecode.c.objc; path = MEVideoEncoderConfigTests.m; sourceTree = "<group>"; };
		16C1DAF32E87F0A000DD415F /* XCTest.framework */ = {isa = PBXFileReference; lastKnownFileType = wrapper.framework; name = XCTest.framework; path = System/Library/Frameworks/XCTest.framework; sourceTree = SDKROOT; };
		16C1DAF62E87F12000DD415F /* movencoder2Tests.xctest */ = {isa = PBXFileReference; explicitFileType = wrapper.cfbundle; includeInIndex = 0; path = movencoder2Tests.xctest; sourceTree = BUILT_PRODUCTS_DIR; };
		16C1DB192E87F36800DD415F /* movencoder2Tests.xctestplan */ = {isa = PBXFileReference; lastKnownFileType = text; path = movencoder2Tests.xctestplan; sourceTree = "<group>"; };
		16C1DB272E8AAC4400DD415F /* MEPipelineIntegrationTests.m */ = {isa = PBXFileReference; lastKnownFileType = sourcecode.c.objc; path = MEPipelineIntegrationTests.m; sourceTree = "<group>"; };
        16C1DB392E9ABBFF00DD415F /* MEAudioConverterVolumeTests.m */ = {isa = PBXFileReference; lastKnownFileType = sourcecode.c.objc; path = movencoder2Tests/MEAudioConverterVolumeTests.m; sourceTree = SOURCE_ROOT; };
        16C1DB3B2E9ABC0000DD415F /* SBChannelFlowTests.m */ = {isa = PBXFileReference; lastKnownFileType = sourcecode.c.objc; path = movencoder2Tests/SBChannelFlowTests.m; sourceTree = SOURCE_ROOT; };
        F0A1B2C33D4E5F60718293A4 /* MEEncoderPipelineFlagsTests.m */ = {isa = PBXFileReference; lastKnownFileType = sourcecode.c.objc; path = movencoder2Tests/MEEncoderPipelineFlagsTests.m; sourceTree = SOURCE_ROOT; };
		16DF46082E8C1A2B006AF79A /* MEAudioConverter.h */ = {isa = PBXFileReference; lastKnownFileType = sourcecode.c.h; path = MEAudioConverter.h; sourceTree = "<group>"; };
		16DF46092E8C1A2B006AF79A /* MEAudioConverter.m */ = {isa = PBXFileReference; lastKnownFileType = sourcecode.c.objc; path = MEAudioConverter.m; sourceTree = "<group>"; };
		16DF460A2E8C1A2B006AF79A /* MEManager.h */ = {isa = PBXFileReference; lastKnownFileType = sourcecode.c.h; path = MEManager.h; sourceTree = "<group>"; };
		16DF460B2E8C1A2B006AF79A /* MEManager.m */ = {isa = PBXFileReference; lastKnownFileType = sourcecode.c.objc; path = MEManager.m; sourceTree = "<group>"; };
		16DF460C2E8C1A2B006AF79A /* METranscoder.h */ = {isa = PBXFileReference; lastKnownFileType = sourcecode.c.h; path = METranscoder.h; sourceTree = "<group>"; };
		16DF460D2E8C1A2B006AF79A /* METranscoder.m */ = {isa = PBXFileReference; lastKnownFileType = sourcecode.c.objc; path = METranscoder.m; sourceTree = "<group>"; };
		16DF460E2E8C1A2B006AF79A /* METranscoder+Internal.h */ = {isa = PBXFileReference; lastKnownFileType = sourcecode.c.h; path = "METranscoder+Internal.h"; sourceTree = "<group>"; };
		16DF460F2E8C1A2B006AF79A /* METranscoder+paramParser.m */ = {isa = PBXFileReference; lastKnownFileType = sourcecode.c.objc; path = "METranscoder+paramParser.m"; sourceTree = "<group>"; };
		16DF46102E8C1A2B006AF79A /* METranscoder+prepareChannels.m */ = {isa = PBXFileReference; lastKnownFileType = sourcecode.c.objc; path = "METranscoder+prepareChannels.m"; sourceTree = "<group>"; };
		16DF46122E8C1A2B006AF79A /* MEInput.h */ = {isa = PBXFileReference; lastKnownFileType = sourcecode.c.h; path = MEInput.h; sourceTree = "<group>"; };
		16DF46132E8C1A2B006AF79A /* MEInput.m */ = {isa = PBXFileReference; lastKnownFileType = sourcecode.c.objc; path = MEInput.m; sourceTree = "<group>"; };
		16DF46142E8C1A2B006AF79A /* MEOutput.h */ = {isa = PBXFileReference; lastKnownFileType = sourcecode.c.h; path = MEOutput.h; sourceTree = "<group>"; };
		16DF46152E8C1A2B006AF79A /* MEOutput.m */ = {isa = PBXFileReference; lastKnownFileType = sourcecode.c.objc; path = MEOutput.m; sourceTree = "<group>"; };
		16DF46162E8C1A2B006AF79A /* SBChannel.h */ = {isa = PBXFileReference; lastKnownFileType = sourcecode.c.h; path = SBChannel.h; sourceTree = "<group>"; };
		16DF46172E8C1A2B006AF79A /* SBChannel.m */ = {isa = PBXFileReference; lastKnownFileType = sourcecode.c.objc; path = SBChannel.m; sourceTree = "<group>"; };
		16DF46192E8C1A2B006AF79A /* MEEncoderPipeline.h */ = {isa = PBXFileReference; lastKnownFileType = sourcecode.c.h; path = MEEncoderPipeline.h; sourceTree = "<group>"; };
		16DF461A2E8C1A2B006AF79A /* MEEncoderPipeline.m */ = {isa = PBXFileReference; lastKnownFileType = sourcecode.c.objc; path = MEEncoderPipeline.m; sourceTree = "<group>"; };
		16DF461B2E8C1A2B006AF79A /* MEFilterPipeline.h */ = {isa = PBXFileReference; lastKnownFileType = sourcecode.c.h; path = MEFilterPipeline.h; sourceTree = "<group>"; };
		16DF461C2E8C1A2B006AF79A /* MEFilterPipeline.m */ = {isa = PBXFileReference; lastKnownFileType = sourcecode.c.objc; path = MEFilterPipeline.m; sourceTree = "<group>"; };
		16DF461D2E8C1A2B006AF79A /* MESampleBufferFactory.h */ = {isa = PBXFileReference; lastKnownFileType = sourcecode.c.h; path = MESampleBufferFactory.h; sourceTree = "<group>"; };
		16DF461E2E8C1A2B006AF79A /* MESampleBufferFactory.m */ = {isa = PBXFileReference; lastKnownFileType = sourcecode.c.objc; path = MESampleBufferFactory.m; sourceTree = "<group>"; };
		16DF46202E8C1A2B006AF79A /* MECommon.h */ = {isa = PBXFileReference; lastKnownFileType = sourcecode.c.h; path = MECommon.h; sourceTree = "<group>"; };
		16DF46212E8C1A2B006AF79A /* MECommon.m */ = {isa = PBXFileReference; lastKnownFileType = sourcecode.c.objc; path = MECommon.m; sourceTree = "<group>"; };
		16DF46222E8C1A2B006AF79A /* MEErrorFormatter.h */ = {isa = PBXFileReference; lastKnownFileType = sourcecode.c.h; path = MEErrorFormatter.h; sourceTree = "<group>"; };
		16DF46232E8C1A2B006AF79A /* MEErrorFormatter.m */ = {isa = PBXFileReference; lastKnownFileType = sourcecode.c.objc; path = MEErrorFormatter.m; sourceTree = "<group>"; };
		16DF46242E8C1A2B006AF79A /* MEProgressUtil.h */ = {isa = PBXFileReference; lastKnownFileType = sourcecode.c.h; path = MEProgressUtil.h; sourceTree = "<group>"; };
		16DF46252E8C1A2B006AF79A /* MEProgressUtil.m */ = {isa = PBXFileReference; lastKnownFileType = sourcecode.c.objc; path = MEProgressUtil.m; sourceTree = "<group>"; };
		16DF46262E8C1A2B006AF79A /* MESecureLogging.h */ = {isa = PBXFileReference; lastKnownFileType = sourcecode.c.h; path = MESecureLogging.h; sourceTree = "<group>"; };
		16DF46272E8C1A2B006AF79A /* MESecureLogging.m */ = {isa = PBXFileReference; lastKnownFileType = sourcecode.c.objc; path = MESecureLogging.m; sourceTree = "<group>"; };
		16DF46282E8C1A2B006AF79A /* MEUtils.h */ = {isa = PBXFileReference; lastKnownFileType = sourcecode.c.h; path = MEUtils.h; sourceTree = "<group>"; };
		16DF46292E8C1A2B006AF79A /* MEUtils.m */ = {isa = PBXFileReference; lastKnownFileType = sourcecode.c.objc; path = MEUtils.m; sourceTree = "<group>"; };
		16DF462A2E8C1A2B006AF79A /* monitorUtil.h */ = {isa = PBXFileReference; lastKnownFileType = sourcecode.c.h; path = monitorUtil.h; sourceTree = "<group>"; };
		16DF462B2E8C1A2B006AF79A /* monitorUtil.m */ = {isa = PBXFileReference; lastKnownFileType = sourcecode.c.objc; path = monitorUtil.m; sourceTree = "<group>"; };
		16DF462C2E8C1A2B006AF79A /* parseUtil.h */ = {isa = PBXFileReference; lastKnownFileType = sourcecode.c.h; path = parseUtil.h; sourceTree = "<group>"; };
		16DF462D2E8C1A2B006AF79A /* parseUtil.m */ = {isa = PBXFileReference; lastKnownFileType = sourcecode.c.objc; path = parseUtil.m; sourceTree = "<group>"; };
		240B87D07B35999E9BDDD7D0 /* MovEncoder2.framework */ = {isa = PBXFileReference; explicitFileType = wrapper.framework; includeInIndex = 0; path = MovEncoder2.framework; sourceTree = BUILT_PRODUCTS_DIR; };
		4FD05FB22946F177AEB42A31 /* METypes.h */ = {isa = PBXFileReference; includeInIndex = 1; lastKnownFileType = sourcecode.c.h; name = METypes.h; path = METypes.h; sourceTree = "<group>"; };
		7CA784927658D9205565C4CA /* MEVideoEncoderConfig.h */ = {isa = PBXFileReference; includeInIndex = 1; lastKnownFileType = sourcecode.c.h; name = MEVideoEncoderConfig.h; path = MEVideoEncoderConfig.h; sourceTree = "<group>"; };
		88E4924A5F224FEBC6F487C6 /* MovEncoder2.h */ = {isa = PBXFileReference; includeInIndex = 1; lastKnownFileType = sourcecode.c.h; name = MovEncoder2.h; path = MovEncoder2.h; sourceTree = "<group>"; };
		88EB2448986096AB744FA246 /* METranscoder.h */ = {isa = PBXFileReference; includeInIndex = 1; lastKnownFileType = sourcecode.c.h; name = METranscoder.h; path = METranscoder.h; sourceTree = "<group>"; };
		96C92E42B9EE5C37768656ED /* Info.plist */ = {isa = PBXFileReference; includeInIndex = 1; lastKnownFileType = text.plist.xml; path = Info.plist; sourceTree = "<group>"; };
        F1A2B3C24D5E6F708192A3B3 /* METranscodeConfiguration.h */ = {isa = PBXFileReference; lastKnownFileType = sourcecode.c.h; path = METranscodeConfiguration.h; sourceTree = "<group>"; };
        F1A2B3C34D5E6F708192A3B4 /* METranscodeConfiguration.m */ = {isa = PBXFileReference; lastKnownFileType = sourcecode.c.objc; path = METranscodeConfiguration.m; sourceTree = "<group>"; };
/* End PBXFileReference section */

/* Begin PBXFrameworksBuildPhase section */
		16B8124E218D701000E24173 /* Frameworks */ = {
			isa = PBXFrameworksBuildPhase;
			buildActionMask = 2147483647;
			files = (
				1654A0DF26DC768F00E7DBB8 /* libavutil.dylib in Frameworks */,
				1654A0CD26DC75D500E7DBB8 /* libbz2.dylib in Frameworks */,
				1654A0DA26DC768F00E7DBB8 /* libx264.dylib in Frameworks */,
				1654A0E226DC769000E7DBB8 /* libavcodec.dylib in Frameworks */,
				1654A0D926DC768F00E7DBB8 /* libswscale.dylib in Frameworks */,
				1654A0E126DC769000E7DBB8 /* libx265.dylib in Frameworks */,
				1654A0DB26DC768F00E7DBB8 /* libavfilter.dylib in Frameworks */,
				1654A0E026DC769000E7DBB8 /* libswresample.dylib in Frameworks */,
				1654A0DD26DC768F00E7DBB8 /* libavformat.dylib in Frameworks */,
				1654A0CB26DC75D500E7DBB8 /* liblzma.dylib in Frameworks */,
				1654A0DE26DC768F00E7DBB8 /* libavdevice.dylib in Frameworks */,
				1654A0CC26DC75D500E7DBB8 /* libz.dylib in Frameworks */,
			);
			runOnlyForDeploymentPostprocessing = 0;
		};
		16C1DAF52E87F0A000DD415F /* Frameworks */ = {
			isa = PBXFrameworksBuildPhase;
			buildActionMask = 2147483647;
			files = (
				16C1DB052E87F2C000DD415F /* libavformat.dylib in Frameworks */,
				16C1DAF42E87F0A000DD415F /* XCTest.framework in Frameworks */,
				16C1DB042E87F2B700DD415F /* libavutil.dylib in Frameworks */,
				16C1DAFF2E87F29800DD415F /* libz.dylib in Frameworks */,
				16C1DAFE2E87F29200DD415F /* liblzma.dylib in Frameworks */,
				16C1DB072E87F2CC00DD415F /* libavdevice.dylib in Frameworks */,
				16C1DB062E87F2C600DD415F /* libavfilter.dylib in Frameworks */,
				16C1DAFD2E87F28B00DD415F /* libbz2.dylib in Frameworks */,
				16C1DB012E87F2A500DD415F /* libx264.dylib in Frameworks */,
				16C1DB082E87F2D200DD415F /* libavcodec.dylib in Frameworks */,
				16C1DB022E87F2AA00DD415F /* libswscale.dylib in Frameworks */,
				16C1DB002E87F29E00DD415F /* libx265.dylib in Frameworks */,
				16C1DB032E87F2B100DD415F /* libswresample.dylib in Frameworks */,
			);
			runOnlyForDeploymentPostprocessing = 0;
		};
		DEBA093C898BFCC3E22FFEA1 /* Frameworks */ = {
			isa = PBXFrameworksBuildPhase;
			buildActionMask = 2147483647;
			files = (
				6F9EF8D740509057050870E8 /* Cocoa.framework in Frameworks */,
				CBF8E46DE3E75C3B7F0BD145 /* AVFoundation.framework in Frameworks */,
				598EE6DB43A904A4B6D4EFBB /* AVFoundation.framework in Frameworks */,
				69AF04979304B7A6C8CE98D9 /* CoreMedia.framework in Frameworks */,
				E4F9A06F257156BF211086FE /* libavutil.dylib in Frameworks */,
				4A9287D6166428C1DB3F3945 /* libbz2.dylib in Frameworks */,
				C76FF6E92A6AD27413CBDEDF /* libx264.dylib in Frameworks */,
				1D11CDEAA37208A00F416DEF /* libavcodec.dylib in Frameworks */,
				0A7E9E504F17668C803F5E74 /* libswscale.dylib in Frameworks */,
				85CE3B3CFE2A53FA1E25F99B /* libx265.dylib in Frameworks */,
				5A21ABF6702D4913705C3748 /* libavfilter.dylib in Frameworks */,
				135C9D880183A84B1FAD8F33 /* libswresample.dylib in Frameworks */,
				C67550F6C4471657E6B67C5D /* libavformat.dylib in Frameworks */,
				BB36A6D4000AA00152243FE6 /* liblzma.dylib in Frameworks */,
				DE577915143D75A96A0DE43E /* libavdevice.dylib in Frameworks */,
				03335379BE594B0BE74BE0A0 /* libz.dylib in Frameworks */,
			);
			runOnlyForDeploymentPostprocessing = 0;
		};
/* End PBXFrameworksBuildPhase section */

/* Begin PBXGroup section */
		1654A0C726DC75C000E7DBB8 /* dylib at opt-local-lib */ = {
			isa = PBXGroup;
			children = (
				1654A0CA26DC75D500E7DBB8 /* libbz2.dylib */,
				1654A0C826DC75D500E7DBB8 /* liblzma.dylib */,
				1654A0C926DC75D500E7DBB8 /* libz.dylib */,
			);
			name = "dylib at opt-local-lib";
			sourceTree = "<group>";
		};
		1654A0CE26DC763C00E7DBB8 /* dylib at usr-local-lib */ = {
			isa = PBXGroup;
			children = (
				1654A0D826DC768F00E7DBB8 /* libavcodec.dylib */,
				1654A0D426DC768F00E7DBB8 /* libavdevice.dylib */,
				1654A0D126DC768F00E7DBB8 /* libavfilter.dylib */,
				1654A0D326DC768F00E7DBB8 /* libavformat.dylib */,
				1654A0D526DC768F00E7DBB8 /* libavutil.dylib */,
				1654A0D626DC768F00E7DBB8 /* libswresample.dylib */,
				1654A0CF26DC768F00E7DBB8 /* libswscale.dylib */,
				1654A0D026DC768F00E7DBB8 /* libx264.dylib */,
				1654A0D726DC768F00E7DBB8 /* libx265.dylib */,
			);
			name = "dylib at usr-local-lib";
			sourceTree = "<group>";
		};
		16AD45BF21965FB500A0BB95 /* Frameworks */ = {
			isa = PBXGroup;
			children = (
				1654A0CE26DC763C00E7DBB8 /* dylib at usr-local-lib */,
				1654A0C726DC75C000E7DBB8 /* dylib at opt-local-lib */,
				16741CE721A92550000EEC78 /* CoreMedia.framework */,
				16741CE521A924FB000EEC78 /* AVFoundation.framework */,
				DE67C40EF5420B30BCE3C458 /* OS X */,
			);
			name = Frameworks;
			sourceTree = "<group>";
		};
		16B81248218D701000E24173 = {
			isa = PBXGroup;
			children = (
				16A9573A22C05AED008868AF /* COPYING.txt */,
				16A9573B22C05AED008868AF /* README.md */,
				161907892884E28B001BFA7E /* HowToBuildLibs.md */,
				16B81253218D701000E24173 /* movencoder2 */,
				16C1DAEC2E87EF1F00DD415F /* movencoder2Tests */,
				16B81252218D701000E24173 /* Products */,
				16AD45BF21965FB500A0BB95 /* Frameworks */,
				16C1DAFC2E87F21B00DD415F /* Recovered References */,
				A50EB28E4A257BA3C5CDDEDE /* MovEncoder2Framework */,
			);
			sourceTree = "<group>";
		};
		16B81252218D701000E24173 /* Products */ = {
			isa = PBXGroup;
			children = (
				16B81251218D701000E24173 /* movencoder2 */,
				16C1DAF62E87F12000DD415F /* movencoder2Tests.xctest */,
				240B87D07B35999E9BDDD7D0 /* MovEncoder2.framework */,
			);
			name = Products;
			sourceTree = "<group>";
		};
		16B81253218D701000E24173 /* movencoder2 */ = {
			isa = PBXGroup;
			children = (
				16B81254218D701000E24173 /* main.m */,
				16C1DAE62E87D32700DD415F /* Config */,
				16DF46112E8C1A2B006AF79A /* Core */,
				16DF46182E8C1A2B006AF79A /* IO */,
				16DF461F2E8C1A2B006AF79A /* Pipeline */,
				16DF462E2E8C1A2B006AF79A /* Utils */,
				70CA387F81ED3A62AC03E43F /* Public */,
			);
			path = movencoder2;
			sourceTree = "<group>";
		};
		16C1DAE62E87D32700DD415F /* Config */ = {
			isa = PBXGroup;
			children = (
				16C1DAE32E87D32700DD415F /* METypes.h */,
				16C1DAE42E87D32700DD415F /* MEVideoEncoderConfig.h */,
				16C1DAE52E87D32700DD415F /* MEVideoEncoderConfig.m */,
			);
			path = Config;
			sourceTree = "<group>";
		};
		16C1DAEC2E87EF1F00DD415F /* movencoder2Tests */ = {
			isa = PBXGroup;
			children = (
				16C1DB272E8AAC4400DD415F /* MEPipelineIntegrationTests.m */,
				16C1DAEB2E87EF1F00DD415F /* MEVideoEncoderConfigTests.m */,
                16C1DB392E9ABBFF00DD415F /* MEAudioConverterVolumeTests.m */,
                16C1DB3B2E9ABC0000DD415F /* SBChannelFlowTests.m */,
                F0A1B2C33D4E5F60718293A4 /* MEEncoderPipelineFlagsTests.m */,
				16C1DB192E87F36800DD415F /* movencoder2Tests.xctestplan */,
			);
			path = movencoder2Tests;
			sourceTree = "<group>";
		};
		16C1DAFC2E87F21B00DD415F /* Recovered References */ = {
			isa = PBXGroup;
			children = (
				16C1DAF32E87F0A000DD415F /* XCTest.framework */,
			);
			name = "Recovered References";
			sourceTree = "<group>";
		};
		16DF46112E8C1A2B006AF79A /* Core */ = {
			isa = PBXGroup;
			children = (
				16DF46082E8C1A2B006AF79A /* MEAudioConverter.h */,
				16DF46092E8C1A2B006AF79A /* MEAudioConverter.m */,
				16DF460A2E8C1A2B006AF79A /* MEManager.h */,
				16DF460B2E8C1A2B006AF79A /* MEManager.m */,
				16DF460C2E8C1A2B006AF79A /* METranscoder.h */,
				16DF460D2E8C1A2B006AF79A /* METranscoder.m */,
				16DF460E2E8C1A2B006AF79A /* METranscoder+Internal.h */,
				16DF460F2E8C1A2B006AF79A /* METranscoder+paramParser.m */,
				16DF46102E8C1A2B006AF79A /* METranscoder+prepareChannels.m */,
                F1A2B3C24D5E6F708192A3B3 /* METranscodeConfiguration.h */,
                F1A2B3C34D5E6F708192A3B4 /* METranscodeConfiguration.m */,
			);
			path = Core;
			sourceTree = "<group>";
		};
		16DF46182E8C1A2B006AF79A /* IO */ = {
			isa = PBXGroup;
			children = (
				16DF46122E8C1A2B006AF79A /* MEInput.h */,
				16DF46132E8C1A2B006AF79A /* MEInput.m */,
				16DF46142E8C1A2B006AF79A /* MEOutput.h */,
				16DF46152E8C1A2B006AF79A /* MEOutput.m */,
				16DF46162E8C1A2B006AF79A /* SBChannel.h */,
				16DF46172E8C1A2B006AF79A /* SBChannel.m */,
			);
			path = IO;
			sourceTree = "<group>";
		};
		16DF461F2E8C1A2B006AF79A /* Pipeline */ = {
			isa = PBXGroup;
			children = (
				16DF46192E8C1A2B006AF79A /* MEEncoderPipeline.h */,
				16DF461A2E8C1A2B006AF79A /* MEEncoderPipeline.m */,
				16DF461B2E8C1A2B006AF79A /* MEFilterPipeline.h */,
				16DF461C2E8C1A2B006AF79A /* MEFilterPipeline.m */,
				16DF461D2E8C1A2B006AF79A /* MESampleBufferFactory.h */,
				16DF461E2E8C1A2B006AF79A /* MESampleBufferFactory.m */,
			);
			path = Pipeline;
			sourceTree = "<group>";
		};
		16DF462E2E8C1A2B006AF79A /* Utils */ = {
			isa = PBXGroup;
			children = (
				16DF46202E8C1A2B006AF79A /* MECommon.h */,
				16DF46212E8C1A2B006AF79A /* MECommon.m */,
				16DF46222E8C1A2B006AF79A /* MEErrorFormatter.h */,
				16DF46232E8C1A2B006AF79A /* MEErrorFormatter.m */,
				16DF46242E8C1A2B006AF79A /* MEProgressUtil.h */,
				16DF46252E8C1A2B006AF79A /* MEProgressUtil.m */,
				16DF46262E8C1A2B006AF79A /* MESecureLogging.h */,
				16DF46272E8C1A2B006AF79A /* MESecureLogging.m */,
				16DF46282E8C1A2B006AF79A /* MEUtils.h */,
				16DF46292E8C1A2B006AF79A /* MEUtils.m */,
				16DF462A2E8C1A2B006AF79A /* monitorUtil.h */,
				16DF462B2E8C1A2B006AF79A /* monitorUtil.m */,
				16DF462C2E8C1A2B006AF79A /* parseUtil.h */,
				16DF462D2E8C1A2B006AF79A /* parseUtil.m */,
			);
			path = Utils;
			sourceTree = "<group>";
		};
		70CA387F81ED3A62AC03E43F /* Public */ = {
			isa = PBXGroup;
			children = (
				88E4924A5F224FEBC6F487C6 /* MovEncoder2.h */,
				88EB2448986096AB744FA246 /* METranscoder.h */,
				7CA784927658D9205565C4CA /* MEVideoEncoderConfig.h */,
				4FD05FB22946F177AEB42A31 /* METypes.h */,
			);
			name = Public;
			path = Public;
			sourceTree = "<group>";
		};
		A50EB28E4A257BA3C5CDDEDE /* MovEncoder2Framework */ = {
			isa = PBXGroup;
			children = (
				96C92E42B9EE5C37768656ED /* Info.plist */,
			);
			name = MovEncoder2Framework;
			path = MovEncoder2Framework;
			sourceTree = "<group>";
		};
		DE67C40EF5420B30BCE3C458 /* OS X */ = {
			isa = PBXGroup;
			children = (
				166902585CAFD658422CF0F8 /* Cocoa.framework */,
			);
			name = "OS X";
			sourceTree = "<group>";
		};
/* End PBXGroup section */

/* Begin PBXHeadersBuildPhase section */
		F33F7654C66281245F9739CA /* Headers */ = {
			isa = PBXHeadersBuildPhase;
			buildActionMask = 2147483647;
			files = (
				302193E1CC6EA04D0CFE90BA /* MovEncoder2.h in Headers */,
				F9E76642A4DF3EEC2DD8EDD6 /* METranscoder.h in Headers */,
				4C9AF69D58D50AFF1F03EC33 /* MEVideoEncoderConfig.h in Headers */,
				1BAF79E5C585085357F9A73B /* METypes.h in Headers */,
			);
			runOnlyForDeploymentPostprocessing = 0;
		};
/* End PBXHeadersBuildPhase section */

/* Begin PBXNativeTarget section */
		16B81250218D701000E24173 /* movencoder2 */ = {
			isa = PBXNativeTarget;
			buildConfigurationList = 16B81258218D701000E24173 /* Build configuration list for PBXNativeTarget "movencoder2" */;
			buildPhases = (
				16B8124D218D701000E24173 /* Sources */,
				16B8124E218D701000E24173 /* Frameworks */,
				16B8124F218D701000E24173 /* CopyFiles */,
			);
			buildRules = (
			);
			dependencies = (
			);
			name = movencoder2;
			productName = movencoder2;
			productReference = 16B81251218D701000E24173 /* movencoder2 */;
			productType = "com.apple.product-type.tool";
		};
		16C1DAED2E87F02000DD415F /* movencoder2Tests */ = {
			isa = PBXNativeTarget;
			buildConfigurationList = 16C1DAF22E87F02000DD415F /* Build configuration list for PBXNativeTarget "movencoder2Tests" */;
			buildPhases = (
				16C1DAEE2E87F02000DD415F /* Sources */,
				16C1DAF52E87F0A000DD415F /* Frameworks */,
			);
			buildRules = (
			);
			dependencies = (
			);
			name = movencoder2Tests;
			productName = movencoder2Tests;
			productReference = 16C1DAF62E87F12000DD415F /* movencoder2Tests.xctest */;
			productType = "com.apple.product-type.bundle.unit-test";
		};
		5061039C56058C8186274E58 /* MovEncoder2Framework */ = {
			isa = PBXNativeTarget;
			buildConfigurationList = B76F4D3C424EE17D19404AB5 /* Build configuration list for PBXNativeTarget "MovEncoder2Framework" */;
			buildPhases = (
				F33F7654C66281245F9739CA /* Headers */,
				941D9174278D0B2A92B8A7FE /* Sources */,
				DEBA093C898BFCC3E22FFEA1 /* Frameworks */,
				D3D2DF6C06606D21159257A8 /* Resources */,
			);
			buildRules = (
			);
			dependencies = (
			);
			name = MovEncoder2Framework;
			productName = MovEncoder2;
			productReference = 240B87D07B35999E9BDDD7D0 /* MovEncoder2.framework */;
			productType = "com.apple.product-type.framework";
		};
/* End PBXNativeTarget section */

/* Begin PBXProject section */
		16B81249218D701000E24173 /* Project object */ = {
			isa = PBXProject;
			attributes = {
				BuildIndependentTargetsInParallel = YES;
				LastUpgradeCheck = 2600;
				ORGANIZATIONNAME = MyCometG3;
				TargetAttributes = {
					16B81250218D701000E24173 = {
						CreatedOnToolsVersion = 10.0;
					};
					16C1DAED2E87F02000DD415F = {
						CreatedOnToolsVersion = 15.0;
					};
				};
			};
			buildConfigurationList = 16B8124C218D701000E24173 /* Build configuration list for PBXProject "movencoder2" */;
			compatibilityVersion = "Xcode 9.3";
			developmentRegion = en;
			hasScannedForEncodings = 0;
			knownRegions = (
				en,
				Base,
			);
			mainGroup = 16B81248218D701000E24173;
			productRefGroup = 16B81252218D701000E24173 /* Products */;
			projectDirPath = "";
			projectRoot = "";
			targets = (
				16B81250218D701000E24173 /* movencoder2 */,
				16C1DAED2E87F02000DD415F /* movencoder2Tests */,
				5061039C56058C8186274E58 /* MovEncoder2Framework */,
			);
		};
/* End PBXProject section */

/* Begin PBXResourcesBuildPhase section */
		D3D2DF6C06606D21159257A8 /* Resources */ = {
			isa = PBXResourcesBuildPhase;
			buildActionMask = 2147483647;
			files = (
			);
			runOnlyForDeploymentPostprocessing = 0;
		};
/* End PBXResourcesBuildPhase section */

/* Begin PBXSourcesBuildPhase section */
		16B8124D218D701000E24173 /* Sources */ = {
			isa = PBXSourcesBuildPhase;
			buildActionMask = 2147483647;
			files = (
				16DF46412E8C1A2B006AF79A /* parseUtil.m in Sources */,
				16DF46422E8C1A2B006AF79A /* monitorUtil.m in Sources */,
				16DF46432E8C1A2B006AF79A /* METranscoder+paramParser.m in Sources */,
				16DF46442E8C1A2B006AF79A /* MEManager.m in Sources */,
				16DF46452E8C1A2B006AF79A /* MESecureLogging.m in Sources */,
				16DF46462E8C1A2B006AF79A /* MEErrorFormatter.m in Sources */,
				16DF46472E8C1A2B006AF79A /* SBChannel.m in Sources */,
				16DF46482E8C1A2B006AF79A /* MEUtils.m in Sources */,
				16DF46492E8C1A2B006AF79A /* MEEncoderPipeline.m in Sources */,
				16DF464A2E8C1A2B006AF79A /* MECommon.m in Sources */,
				16DF464B2E8C1A2B006AF79A /* MEOutput.m in Sources */,
				16DF464C2E8C1A2B006AF79A /* METranscoder+prepareChannels.m in Sources */,
				16DF464D2E8C1A2B006AF79A /* MEFilterPipeline.m in Sources */,
				16DF464E2E8C1A2B006AF79A /* MEProgressUtil.m in Sources */,
				16DF464F2E8C1A2B006AF79A /* MESampleBufferFactory.m in Sources */,
				16DF46502E8C1A2B006AF79A /* MEInput.m in Sources */,
				16DF46512E8C1A2B006AF79A /* MEAudioConverter.m in Sources */,
				16DF46522E8C1A2B006AF79A /* METranscoder.m in Sources */,
                F1A2B3C44D5E6F708192A3B4 /* METranscodeConfiguration.m in Sources */,
				16C1DAE72E87D32700DD415F /* MEVideoEncoderConfig.m in Sources */,
				16B81255218D701000E24173 /* main.m in Sources */,
			);
			runOnlyForDeploymentPostprocessing = 0;
		};
		16C1DAEE2E87F02000DD415F /* Sources */ = {
			isa = PBXSourcesBuildPhase;
			buildActionMask = 2147483647;
			files = (
				16C1DB092E87F32D00DD415F /* main.m in Sources */,
				16DF462F2E8C1A2B006AF79A /* parseUtil.m in Sources */,
				16DF46302E8C1A2B006AF79A /* monitorUtil.m in Sources */,
				16DF46312E8C1A2B006AF79A /* METranscoder+paramParser.m in Sources */,
				16DF46322E8C1A2B006AF79A /* MEManager.m in Sources */,
				16DF46332E8C1A2B006AF79A /* MESecureLogging.m in Sources */,
				16DF46342E8C1A2B006AF79A /* MEErrorFormatter.m in Sources */,
				16DF46352E8C1A2B006AF79A /* SBChannel.m in Sources */,
				16DF46362E8C1A2B006AF79A /* MEUtils.m in Sources */,
				16DF46372E8C1A2B006AF79A /* MEEncoderPipeline.m in Sources */,
				16DF46382E8C1A2B006AF79A /* MECommon.m in Sources */,
				16DF46392E8C1A2B006AF79A /* MEOutput.m in Sources */,
				16DF463A2E8C1A2B006AF79A /* METranscoder+prepareChannels.m in Sources */,
				16DF463B2E8C1A2B006AF79A /* MEFilterPipeline.m in Sources */,
				16DF463C2E8C1A2B006AF79A /* MEProgressUtil.m in Sources */,
				16DF463D2E8C1A2B006AF79A /* MESampleBufferFactory.m in Sources */,
				16DF463E2E8C1A2B006AF79A /* MEInput.m in Sources */,
				16DF463F2E8C1A2B006AF79A /* MEAudioConverter.m in Sources */,
				16DF46402E8C1A2B006AF79A /* METranscoder.m in Sources */,
				16C1DB282E8AAC4400DD415F /* MEPipelineIntegrationTests.m in Sources */,
				16C1DB0F2E87F32D00DD415F /* MEVideoEncoderConfig.m in Sources */,
				16C1DAEF2E87F02000DD415F /* MEVideoEncoderConfigTests.m in Sources */,
                16C1DB3A2E9ABC0000DD415F /* MEAudioConverterVolumeTests.m in Sources */,
                16C1DB3C2E9ABC0100DD415F /* SBChannelFlowTests.m in Sources */,
                F0A1B2C53D4E5F60718293A6 /* MEEncoderPipelineFlagsTests.m in Sources */,
                F1A2B3C74D5E6F708192A3B6 /* METranscodeConfiguration.m in Sources */,
			);
			runOnlyForDeploymentPostprocessing = 0;
		};
		941D9174278D0B2A92B8A7FE /* Sources */ = {
			isa = PBXSourcesBuildPhase;
			buildActionMask = 2147483647;
			files = (
				783B349165355E5050E83608 /* MEVideoEncoderConfig.m in Sources */,
				CD3BC7B3F5E872CCC5452357 /* MEAudioConverter.m in Sources */,
				1BFF3EE565AB8FB4711ED5EE /* MEManager.m in Sources */,
				35847512A10982B9DDE114BF /* METranscoder.m in Sources */,
                F1A2B3C64D5E6F708192A3B5 /* METranscodeConfiguration.m in Sources */,
				5AC7ED271DDDA1FCECCCE5E8 /* METranscoder+paramParser.m in Sources */,
				5702919591D781D32A32010B /* METranscoder+prepareChannels.m in Sources */,
				410B07B6C391F9C0C09C176D /* MEEncoderPipeline.m in Sources */,
				AFA669690DC9626C9F111E05 /* MEFilterPipeline.m in Sources */,
				A0F3DFBEAE2BB3645B40C0AC /* MESampleBufferFactory.m in Sources */,
				EB9606AA77EBCAF3114F4AFA /* MEInput.m in Sources */,
				6B5D4C3AA6CADEAC6E556FB7 /* MEOutput.m in Sources */,
				7D4EC5E56AB8374E89114327 /* SBChannel.m in Sources */,
				59CAAE5124E6A24CA017A55F /* MECommon.m in Sources */,
				C92CF6D954CEFF554F02487D /* MEErrorFormatter.m in Sources */,
				92EFEA24A48009B8A490BF69 /* MEProgressUtil.m in Sources */,
				75E5BE24B73F1C9A77ED9515 /* MESecureLogging.m in Sources */,
				86B15BB2F731FBE26D2C6C9A /* MEUtils.m in Sources */,
				561FE70C29F15BA9C9FEBE40 /* monitorUtil.m in Sources */,
				CB8812B29C71ED6F82B4C510 /* parseUtil.m in Sources */,
			);
			runOnlyForDeploymentPostprocessing = 0;
		};
/* End PBXSourcesBuildPhase section */

/* Begin XCBuildConfiguration section */
		16B81256218D701000E24173 /* Debug */ = {
			isa = XCBuildConfiguration;
			buildSettings = {
				ALWAYS_SEARCH_USER_PATHS = NO;
				CLANG_ANALYZER_NONNULL = YES;
				CLANG_ANALYZER_NUMBER_OBJECT_CONVERSION = YES_AGGRESSIVE;
				CLANG_CXX_LANGUAGE_STANDARD = "gnu++20";
				CLANG_ENABLE_MODULES = YES;
				CLANG_ENABLE_OBJC_ARC = YES;
				CLANG_ENABLE_OBJC_WEAK = YES;
				CLANG_WARN_BLOCK_CAPTURE_AUTORELEASING = YES;
				CLANG_WARN_BOOL_CONVERSION = YES;
				CLANG_WARN_COMMA = YES;
				CLANG_WARN_CONSTANT_CONVERSION = YES;
				CLANG_WARN_DEPRECATED_OBJC_IMPLEMENTATIONS = YES;
				CLANG_WARN_DIRECT_OBJC_ISA_USAGE = YES_ERROR;
				CLANG_WARN_DOCUMENTATION_COMMENTS = YES;
				CLANG_WARN_EMPTY_BODY = YES;
				CLANG_WARN_ENUM_CONVERSION = YES;
				CLANG_WARN_INFINITE_RECURSION = YES;
				CLANG_WARN_INT_CONVERSION = YES;
				CLANG_WARN_NON_LITERAL_NULL_CONVERSION = YES;
				CLANG_WARN_OBJC_IMPLICIT_RETAIN_SELF = YES;
				CLANG_WARN_OBJC_LITERAL_CONVERSION = YES;
				CLANG_WARN_OBJC_ROOT_CLASS = YES_ERROR;
				CLANG_WARN_QUOTED_INCLUDE_IN_FRAMEWORK_HEADER = YES;
				CLANG_WARN_RANGE_LOOP_ANALYSIS = YES;
				CLANG_WARN_STRICT_PROTOTYPES = YES;
				CLANG_WARN_SUSPICIOUS_MOVE = YES;
				CLANG_WARN_UNGUARDED_AVAILABILITY = YES_AGGRESSIVE;
				CLANG_WARN_UNREACHABLE_CODE = YES;
				CLANG_WARN__DUPLICATE_METHOD_MATCH = YES;
				COPY_PHASE_STRIP = NO;
				DEAD_CODE_STRIPPING = YES;
				DEBUG_INFORMATION_FORMAT = dwarf;
				DEVELOPMENT_TEAM = BV5C4YNA4Z;
				ENABLE_STRICT_OBJC_MSGSEND = YES;
				ENABLE_TESTABILITY = YES;
				ENABLE_USER_SCRIPT_SANDBOXING = YES;
				GCC_C_LANGUAGE_STANDARD = gnu17;
				GCC_DYNAMIC_NO_PIC = NO;
				GCC_NO_COMMON_BLOCKS = YES;
				GCC_OPTIMIZATION_LEVEL = 0;
				GCC_PREPROCESSOR_DEFINITIONS = (
					"DEBUG=1",
					"$(inherited)",
				);
				GCC_WARN_64_TO_32_BIT_CONVERSION = YES;
				GCC_WARN_ABOUT_RETURN_TYPE = YES_ERROR;
				GCC_WARN_UNDECLARED_SELECTOR = YES;
				GCC_WARN_UNINITIALIZED_AUTOS = YES_AGGRESSIVE;
				GCC_WARN_UNUSED_FUNCTION = YES;
				GCC_WARN_UNUSED_VARIABLE = YES;
				MACOSX_DEPLOYMENT_TARGET = 12.0;
				MTL_ENABLE_DEBUG_INFO = INCLUDE_SOURCE;
				MTL_FAST_MATH = YES;
				ONLY_ACTIVE_ARCH = YES;
				SDKROOT = macosx;
				STRING_CATALOG_GENERATE_SYMBOLS = YES;
			};
			name = Debug;
		};
		16B81257218D701000E24173 /* Release */ = {
			isa = XCBuildConfiguration;
			buildSettings = {
				ALWAYS_SEARCH_USER_PATHS = NO;
				CLANG_ANALYZER_NONNULL = YES;
				CLANG_ANALYZER_NUMBER_OBJECT_CONVERSION = YES_AGGRESSIVE;
				CLANG_CXX_LANGUAGE_STANDARD = "gnu++20";
				CLANG_ENABLE_MODULES = YES;
				CLANG_ENABLE_OBJC_ARC = YES;
				CLANG_ENABLE_OBJC_WEAK = YES;
				CLANG_WARN_BLOCK_CAPTURE_AUTORELEASING = YES;
				CLANG_WARN_BOOL_CONVERSION = YES;
				CLANG_WARN_COMMA = YES;
				CLANG_WARN_CONSTANT_CONVERSION = YES;
				CLANG_WARN_DEPRECATED_OBJC_IMPLEMENTATIONS = YES;
				CLANG_WARN_DIRECT_OBJC_ISA_USAGE = YES_ERROR;
				CLANG_WARN_DOCUMENTATION_COMMENTS = YES;
				CLANG_WARN_EMPTY_BODY = YES;
				CLANG_WARN_ENUM_CONVERSION = YES;
				CLANG_WARN_INFINITE_RECURSION = YES;
				CLANG_WARN_INT_CONVERSION = YES;
				CLANG_WARN_NON_LITERAL_NULL_CONVERSION = YES;
				CLANG_WARN_OBJC_IMPLICIT_RETAIN_SELF = YES;
				CLANG_WARN_OBJC_LITERAL_CONVERSION = YES;
				CLANG_WARN_OBJC_ROOT_CLASS = YES_ERROR;
				CLANG_WARN_QUOTED_INCLUDE_IN_FRAMEWORK_HEADER = YES;
				CLANG_WARN_RANGE_LOOP_ANALYSIS = YES;
				CLANG_WARN_STRICT_PROTOTYPES = YES;
				CLANG_WARN_SUSPICIOUS_MOVE = YES;
				CLANG_WARN_UNGUARDED_AVAILABILITY = YES_AGGRESSIVE;
				CLANG_WARN_UNREACHABLE_CODE = YES;
				CLANG_WARN__DUPLICATE_METHOD_MATCH = YES;
				COPY_PHASE_STRIP = NO;
				DEAD_CODE_STRIPPING = YES;
				DEBUG_INFORMATION_FORMAT = "dwarf-with-dsym";
				DEVELOPMENT_TEAM = BV5C4YNA4Z;
				ENABLE_NS_ASSERTIONS = NO;
				ENABLE_STRICT_OBJC_MSGSEND = YES;
				ENABLE_USER_SCRIPT_SANDBOXING = YES;
				GCC_C_LANGUAGE_STANDARD = gnu17;
				GCC_NO_COMMON_BLOCKS = YES;
				GCC_WARN_64_TO_32_BIT_CONVERSION = YES;
				GCC_WARN_ABOUT_RETURN_TYPE = YES_ERROR;
				GCC_WARN_UNDECLARED_SELECTOR = YES;
				GCC_WARN_UNINITIALIZED_AUTOS = YES_AGGRESSIVE;
				GCC_WARN_UNUSED_FUNCTION = YES;
				GCC_WARN_UNUSED_VARIABLE = YES;
				MACOSX_DEPLOYMENT_TARGET = 12.0;
				MTL_ENABLE_DEBUG_INFO = NO;
				MTL_FAST_MATH = YES;
				ONLY_ACTIVE_ARCH = YES;
				SDKROOT = macosx;
				STRING_CATALOG_GENERATE_SYMBOLS = YES;
			};
			name = Release;
		};
		16B81259218D701000E24173 /* Debug */ = {
			isa = XCBuildConfiguration;
			buildSettings = {
				ARCHS = arm64;
				CODE_SIGN_IDENTITY = "-";
				CODE_SIGN_STYLE = Automatic;
				DEAD_CODE_STRIPPING = YES;
				EXCLUDED_ARCHS = "";
				FRAMEWORK_SEARCH_PATHS = (
					"$(inherited)",
					"$(USER_LIBRARY_DIR)/Frameworks",
				);
				HEADER_SEARCH_PATHS = (
					"$(inherited)",
					"/usr/local/include/**",
					"$(SRCROOT)/**",
				);
				LIBRARY_SEARCH_PATHS = (
					"$(inherited)",
					/usr/local/lib,
					/opt/local/lib,
				);
				ONLY_ACTIVE_ARCH = NO;
				PRODUCT_NAME = "$(TARGET_NAME)";
				VALID_ARCHS = arm64;
			};
			name = Debug;
		};
		16B8125A218D701000E24173 /* Release */ = {
			isa = XCBuildConfiguration;
			buildSettings = {
				ARCHS = arm64;
				CODE_SIGN_IDENTITY = "-";
				CODE_SIGN_STYLE = Automatic;
				DEAD_CODE_STRIPPING = YES;
				EXCLUDED_ARCHS = "";
				FRAMEWORK_SEARCH_PATHS = (
					"$(inherited)",
					"$(USER_LIBRARY_DIR)/Frameworks",
				);
				HEADER_SEARCH_PATHS = (
					"$(inherited)",
					"/usr/local/include/**",
					"$(SRCROOT)/**",
				);
				LIBRARY_SEARCH_PATHS = (
					"$(inherited)",
					/usr/local/lib,
					/opt/local/lib,
				);
				ONLY_ACTIVE_ARCH = NO;
				PRODUCT_NAME = "$(TARGET_NAME)";
				VALID_ARCHS = arm64;
			};
			name = Release;
		};
		16C1DAF02E87F02000DD415F /* Debug */ = {
			isa = XCBuildConfiguration;
			buildSettings = {
				ALWAYS_SEARCH_USER_PATHS = NO;
				ARCHS = arm64;
				CLANG_ENABLE_OBJC_ARC = YES;
				CODE_SIGN_IDENTITY = "-";
				CODE_SIGN_STYLE = Automatic;
				DEAD_CODE_STRIPPING = YES;
				DEBUG_INFORMATION_FORMAT = dwarf;
				ENABLE_TESTABILITY = YES;
				EXCLUDED_ARCHS = "";
				GCC_PREPROCESSOR_DEFINITIONS = (
					"DEBUG=1",
					"$(inherited)",
				);
				GENERATE_INFOPLIST_FILE = YES;
				HEADER_SEARCH_PATHS = (
					"$(inherited)",
					"/usr/local/include/**",
					"$(SRCROOT)/**",
				);
				LIBRARY_SEARCH_PATHS = (
					"$(inherited)",
					/usr/local/lib,
					/opt/local/lib,
				);
				ONLY_ACTIVE_ARCH = NO;
				PRODUCT_NAME = "$(TARGET_NAME)";
				SDKROOT = macosx;
				VALID_ARCHS = arm64;
			};
			name = Debug;
		};
		16C1DAF12E87F02000DD415F /* Release */ = {
			isa = XCBuildConfiguration;
			buildSettings = {
				ALWAYS_SEARCH_USER_PATHS = NO;
				ARCHS = arm64;
				CLANG_ENABLE_OBJC_ARC = YES;
				CODE_SIGN_IDENTITY = "-";
				CODE_SIGN_STYLE = Automatic;
				DEAD_CODE_STRIPPING = YES;
				DEBUG_INFORMATION_FORMAT = "dwarf-with-dsym";
				EXCLUDED_ARCHS = "";
				GENERATE_INFOPLIST_FILE = YES;
				HEADER_SEARCH_PATHS = (
					"$(inherited)",
					"/usr/local/include/**",
					"$(SRCROOT)/**",
				);
				LIBRARY_SEARCH_PATHS = (
					"$(inherited)",
					/usr/local/lib,
					/opt/local/lib,
				);
				ONLY_ACTIVE_ARCH = NO;
				PRODUCT_NAME = "$(TARGET_NAME)";
				SDKROOT = macosx;
				VALID_ARCHS = arm64;
			};
			name = Release;
		};
		77DF4B2696EA445817ADCD04 /* Release */ = {
			isa = XCBuildConfiguration;
			buildSettings = {
				ARCHS = arm64;
				CODE_SIGN_IDENTITY = "";
				CODE_SIGN_STYLE = Manual;
				COMBINE_HIDPI_IMAGES = YES;
				CURRENT_PROJECT_VERSION = 1;
				DEFINES_MODULE = YES;
				DYLIB_COMPATIBILITY_VERSION = 1;
				DYLIB_CURRENT_VERSION = 1;
				DYLIB_INSTALL_NAME_BASE = "@rpath";
				EXCLUDED_ARCHS = "";
				HEADER_SEARCH_PATHS = (
					"$(inherited)",
					"/usr/local/include/**",
					"$(SRCROOT)/**",
				);
				INFOPLIST_FILE = MovEncoder2Framework/Info.plist;
				INSTALL_PATH = "$(LOCAL_LIBRARY_DIR)/Frameworks";
				LD_RUNPATH_SEARCH_PATHS = (
					"$(inherited)",
					"@executable_path/../Frameworks",
					"@loader_path/Frameworks",
				);
				LIBRARY_SEARCH_PATHS = (
					"$(inherited)",
					/usr/local/lib,
					/opt/local/lib,
				);
				MACOSX_DEPLOYMENT_TARGET = 12.0;
				MARKETING_VERSION = 1.0;
				MODULEMAP_FILE = "";
				ONLY_ACTIVE_ARCH = NO;
				PRODUCT_BUNDLE_IDENTIFIER = com.mycometg3.MovEncoder2;
				PRODUCT_NAME = MovEncoder2;
				PUBLIC_HEADERS_FOLDER_PATH = "$(CONTENTS_FOLDER_PATH)/Headers";
				SDKROOT = macosx;
				SKIP_INSTALL = YES;
				VALID_ARCHS = arm64;
				VERSIONING_SYSTEM = "apple-generic";
				VERSION_INFO_PREFIX = "";
			};
			name = Release;
		};
		7A345CF83273300AF18D679E /* Debug */ = {
			isa = XCBuildConfiguration;
			buildSettings = {
				ARCHS = arm64;
				CODE_SIGN_IDENTITY = "";
				CODE_SIGN_STYLE = Manual;
				COMBINE_HIDPI_IMAGES = YES;
				CURRENT_PROJECT_VERSION = 1;
				DEFINES_MODULE = YES;
				DYLIB_COMPATIBILITY_VERSION = 1;
				DYLIB_CURRENT_VERSION = 1;
				DYLIB_INSTALL_NAME_BASE = "@rpath";
				EXCLUDED_ARCHS = "";
				HEADER_SEARCH_PATHS = (
					"$(inherited)",
					"/usr/local/include/**",
					"$(SRCROOT)/**",
				);
				INFOPLIST_FILE = MovEncoder2Framework/Info.plist;
				INSTALL_PATH = "$(LOCAL_LIBRARY_DIR)/Frameworks";
				LD_RUNPATH_SEARCH_PATHS = (
					"$(inherited)",
					"@executable_path/../Frameworks",
					"@loader_path/Frameworks",
				);
				LIBRARY_SEARCH_PATHS = (
					"$(inherited)",
					/usr/local/lib,
					/opt/local/lib,
				);
				MACOSX_DEPLOYMENT_TARGET = 12.0;
				MARKETING_VERSION = 1.0;
				MODULEMAP_FILE = "";
				ONLY_ACTIVE_ARCH = NO;
				PRODUCT_BUNDLE_IDENTIFIER = com.mycometg3.MovEncoder2;
				PRODUCT_NAME = MovEncoder2;
				PUBLIC_HEADERS_FOLDER_PATH = "$(CONTENTS_FOLDER_PATH)/Headers";
				SDKROOT = macosx;
				SKIP_INSTALL = YES;
				VALID_ARCHS = arm64;
				VERSIONING_SYSTEM = "apple-generic";
				VERSION_INFO_PREFIX = "";
			};
			name = Debug;
		};
/* End XCBuildConfiguration section */

/* Begin XCConfigurationList section */
		16B8124C218D701000E24173 /* Build configuration list for PBXProject "movencoder2" */ = {
			isa = XCConfigurationList;
			buildConfigurations = (
				16B81256218D701000E24173 /* Debug */,
				16B81257218D701000E24173 /* Release */,
			);
			defaultConfigurationIsVisible = 0;
			defaultConfigurationName = Release;
		};
		16B81258218D701000E24173 /* Build configuration list for PBXNativeTarget "movencoder2" */ = {
			isa = XCConfigurationList;
			buildConfigurations = (
				16B81259218D701000E24173 /* Debug */,
				16B8125A218D701000E24173 /* Release */,
			);
			defaultConfigurationIsVisible = 0;
			defaultConfigurationName = Release;
		};
		16C1DAF22E87F02000DD415F /* Build configuration list for PBXNativeTarget "movencoder2Tests" */ = {
			isa = XCConfigurationList;
			buildConfigurations = (
				16C1DAF02E87F02000DD415F /* Debug */,
				16C1DAF12E87F02000DD415F /* Release */,
			);
			defaultConfigurationIsVisible = 0;
			defaultConfigurationName = Release;
		};
		B76F4D3C424EE17D19404AB5 /* Build configuration list for PBXNativeTarget "MovEncoder2Framework" */ = {
			isa = XCConfigurationList;
			buildConfigurations = (
				77DF4B2696EA445817ADCD04 /* Release */,
				7A345CF83273300AF18D679E /* Debug */,
			);
			defaultConfigurationIsVisible = 0;
			defaultConfigurationName = Release;
		};
/* End XCConfigurationList section */
	};
	rootObject = 16B81249218D701000E24173 /* Project object */;
}
