// !$*UTF8*$!
{
	archiveVersion = 1;
	classes = {
	};
	objectVersion = 70;
	objects = {

/* Begin PBXBuildFile section */
		03335379BE594B0BE74BE0A0 /* libz.dylib in Frameworks */ = {isa = PBXBuildFile; fileRef = 1654A0C926DC75D500E7DBB8 /* libz.dylib */; };
		0A7E9E504F17668C803F5E74 /* libswscale.dylib in Frameworks */ = {isa = PBXBuildFile; fileRef = 1654A0CF26DC768F00E7DBB8 /* libswscale.dylib */; };
		135C9D880183A84B1FAD8F33 /* libswresample.dylib in Frameworks */ = {isa = PBXBuildFile; fileRef = 1654A0D626DC768F00E7DBB8 /* libswresample.dylib */; };
		1654A0CB26DC75D500E7DBB8 /* liblzma.dylib in Frameworks */ = {isa = PBXBuildFile; fileRef = 1654A0C826DC75D500E7DBB8 /* liblzma.dylib */; };
		1654A0CC26DC75D500E7DBB8 /* libz.dylib in Frameworks */ = {isa = PBXBuildFile; fileRef = 1654A0C926DC75D500E7DBB8 /* libz.dylib */; };
		1654A0CD26DC75D500E7DBB8 /* libbz2.dylib in Frameworks */ = {isa = PBXBuildFile; fileRef = 1654A0CA26DC75D500E7DBB8 /* libbz2.dylib */; };
		1654A0D926DC768F00E7DBB8 /* libswscale.dylib in Frameworks */ = {isa = PBXBuildFile; fileRef = 1654A0CF26DC768F00E7DBB8 /* libswscale.dylib */; };
		1654A0DA26DC768F00E7DBB8 /* libx264.dylib in Frameworks */ = {isa = PBXBuildFile; fileRef = 1654A0D026DC768F00E7DBB8 /* libx264.dylib */; };
		1654A0DB26DC768F00E7DBB8 /* libavfilter.dylib in Frameworks */ = {isa = PBXBuildFile; fileRef = 1654A0D126DC768F00E7DBB8 /* libavfilter.dylib */; };
		1654A0DD26DC768F00E7DBB8 /* libavformat.dylib in Frameworks */ = {isa = PBXBuildFile; fileRef = 1654A0D326DC768F00E7DBB8 /* libavformat.dylib */; };
		1654A0DE26DC768F00E7DBB8 /* libavdevice.dylib in Frameworks */ = {isa = PBXBuildFile; fileRef = 1654A0D426DC768F00E7DBB8 /* libavdevice.dylib */; };
		1654A0DF26DC768F00E7DBB8 /* libavutil.dylib in Frameworks */ = {isa = PBXBuildFile; fileRef = 1654A0D526DC768F00E7DBB8 /* libavutil.dylib */; };
		1654A0E026DC769000E7DBB8 /* libswresample.dylib in Frameworks */ = {isa = PBXBuildFile; fileRef = 1654A0D626DC768F00E7DBB8 /* libswresample.dylib */; };
		1654A0E126DC769000E7DBB8 /* libx265.dylib in Frameworks */ = {isa = PBXBuildFile; fileRef = 1654A0D726DC768F00E7DBB8 /* libx265.dylib */; };
		1654A0E226DC769000E7DBB8 /* libavcodec.dylib in Frameworks */ = {isa = PBXBuildFile; fileRef = 1654A0D826DC768F00E7DBB8 /* libavcodec.dylib */; };
		16C1DAF42E87F0A000DD415F /* XCTest.framework in Frameworks */ = {isa = PBXBuildFile; fileRef = 16C1DAF32E87F0A000DD415F /* XCTest.framework */; };
		16C1DAFD2E87F28B00DD415F /* libbz2.dylib in Frameworks */ = {isa = PBXBuildFile; fileRef = 1654A0CA26DC75D500E7DBB8 /* libbz2.dylib */; };
		16C1DAFE2E87F29200DD415F /* liblzma.dylib in Frameworks */ = {isa = PBXBuildFile; fileRef = 1654A0C826DC75D500E7DBB8 /* liblzma.dylib */; };
		16C1DAFF2E87F29800DD415F /* libz.dylib in Frameworks */ = {isa = PBXBuildFile; fileRef = 1654A0C926DC75D500E7DBB8 /* libz.dylib */; };
		16C1DB002E87F29E00DD415F /* libx265.dylib in Frameworks */ = {isa = PBXBuildFile; fileRef = 1654A0D726DC768F00E7DBB8 /* libx265.dylib */; };
		16C1DB012E87F2A500DD415F /* libx264.dylib in Frameworks */ = {isa = PBXBuildFile; fileRef = 1654A0D026DC768F00E7DBB8 /* libx264.dylib */; };
		16C1DB022E87F2AA00DD415F /* libswscale.dylib in Frameworks */ = {isa = PBXBuildFile; fileRef = 1654A0CF26DC768F00E7DBB8 /* libswscale.dylib */; };
		16C1DB032E87F2B100DD415F /* libswresample.dylib in Frameworks */ = {isa = PBXBuildFile; fileRef = 1654A0D626DC768F00E7DBB8 /* libswresample.dylib */; };
		16C1DB042E87F2B700DD415F /* libavutil.dylib in Frameworks */ = {isa = PBXBuildFile; fileRef = 1654A0D526DC768F00E7DBB8 /* libavutil.dylib */; };
		16C1DB052E87F2C000DD415F /* libavformat.dylib in Frameworks */ = {isa = PBXBuildFile; fileRef = 1654A0D326DC768F00E7DBB8 /* libavformat.dylib */; };
		16C1DB062E87F2C600DD415F /* libavfilter.dylib in Frameworks */ = {isa = PBXBuildFile; fileRef = 1654A0D126DC768F00E7DBB8 /* libavfilter.dylib */; };
		16C1DB072E87F2CC00DD415F /* libavdevice.dylib in Frameworks */ = {isa = PBXBuildFile; fileRef = 1654A0D426DC768F00E7DBB8 /* libavdevice.dylib */; };
		16C1DB082E87F2D200DD415F /* libavcodec.dylib in Frameworks */ = {isa = PBXBuildFile; fileRef = 1654A0D826DC768F00E7DBB8 /* libavcodec.dylib */; };
		1D11CDEAA37208A00F416DEF /* libavcodec.dylib in Frameworks */ = {isa = PBXBuildFile; fileRef = 1654A0D826DC768F00E7DBB8 /* libavcodec.dylib */; };
		4A9287D6166428C1DB3F3945 /* libbz2.dylib in Frameworks */ = {isa = PBXBuildFile; fileRef = 1654A0CA26DC75D500E7DBB8 /* libbz2.dylib */; };
		5A21ABF6702D4913705C3748 /* libavfilter.dylib in Frameworks */ = {isa = PBXBuildFile; fileRef = 1654A0D126DC768F00E7DBB8 /* libavfilter.dylib */; };
		69AF04979304B7A6C8CE98D9 /* CoreMedia.framework in Frameworks */ = {isa = PBXBuildFile; fileRef = 16741CE721A92550000EEC78 /* CoreMedia.framework */; };
		6F9EF8D740509057050870E8 /* Cocoa.framework in Frameworks */ = {isa = PBXBuildFile; fileRef = 166902585CAFD658422CF0F8 /* Cocoa.framework */; };
		85CE3B3CFE2A53FA1E25F99B /* libx265.dylib in Frameworks */ = {isa = PBXBuildFile; fileRef = 1654A0D726DC768F00E7DBB8 /* libx265.dylib */; };
		BB36A6D4000AA00152243FE6 /* liblzma.dylib in Frameworks */ = {isa = PBXBuildFile; fileRef = 1654A0C826DC75D500E7DBB8 /* liblzma.dylib */; };
		C67550F6C4471657E6B67C5D /* libavformat.dylib in Frameworks */ = {isa = PBXBuildFile; fileRef = 1654A0D326DC768F00E7DBB8 /* libavformat.dylib */; };
		C76FF6E92A6AD27413CBDEDF /* libx264.dylib in Frameworks */ = {isa = PBXBuildFile; fileRef = 1654A0D026DC768F00E7DBB8 /* libx264.dylib */; };
		CBF8E46DE3E75C3B7F0BD145 /* AVFoundation.framework in Frameworks */ = {isa = PBXBuildFile; fileRef = 16741CE521A924FB000EEC78 /* AVFoundation.framework */; };
		DE577915143D75A96A0DE43E /* libavdevice.dylib in Frameworks */ = {isa = PBXBuildFile; fileRef = 1654A0D426DC768F00E7DBB8 /* libavdevice.dylib */; };
		E4F9A06F257156BF211086FE /* libavutil.dylib in Frameworks */ = {isa = PBXBuildFile; fileRef = 1654A0D526DC768F00E7DBB8 /* libavutil.dylib */; };
/* End PBXBuildFile section */

/* Begin PBXCopyFilesBuildPhase section */
		16B8124F218D701000E24173 /* CopyFiles */ = {
			isa = PBXCopyFilesBuildPhase;
			buildActionMask = 2147483647;
			dstPath = /usr/share/man/man1/;
			dstSubfolderSpec = 0;
			files = (
			);
			runOnlyForDeploymentPostprocessing = 1;
		};
/* End PBXCopyFilesBuildPhase section */

/* Begin PBXFileReference section */
		161907892884E28B001BFA7E /* HowToBuildLibs.md */ = {isa = PBXFileReference; lastKnownFileType = net.daringfireball.markdown; path = HowToBuildLibs.md; sourceTree = "<group>"; };
		1654A0C826DC75D500E7DBB8 /* liblzma.dylib */ = {isa = PBXFileReference; lastKnownFileType = "compiled.mach-o.dylib"; name = liblzma.dylib; path = ../../../../../opt/local/lib/liblzma.dylib; sourceTree = "<group>"; };
		1654A0C926DC75D500E7DBB8 /* libz.dylib */ = {isa = PBXFileReference; lastKnownFileType = "compiled.mach-o.dylib"; name = libz.dylib; path = ../../../../../opt/local/lib/libz.dylib; sourceTree = "<group>"; };
		1654A0CA26DC75D500E7DBB8 /* libbz2.dylib */ = {isa = PBXFileReference; lastKnownFileType = "compiled.mach-o.dylib"; name = libbz2.dylib; path = ../../../../../opt/local/lib/libbz2.dylib; sourceTree = "<group>"; };
		1654A0CF26DC768F00E7DBB8 /* libswscale.dylib */ = {isa = PBXFileReference; lastKnownFileType = "compiled.mach-o.dylib"; name = libswscale.dylib; path = ../../../../../usr/local/lib/libswscale.dylib; sourceTree = "<group>"; };
		1654A0D026DC768F00E7DBB8 /* libx264.dylib */ = {isa = PBXFileReference; lastKnownFileType = "compiled.mach-o.dylib"; name = libx264.dylib; path = ../../../../../usr/local/lib/libx264.dylib; sourceTree = "<group>"; };
		1654A0D126DC768F00E7DBB8 /* libavfilter.dylib */ = {isa = PBXFileReference; lastKnownFileType = "compiled.mach-o.dylib"; name = libavfilter.dylib; path = ../../../../../usr/local/lib/libavfilter.dylib; sourceTree = "<group>"; };
		1654A0D326DC768F00E7DBB8 /* libavformat.dylib */ = {isa = PBXFileReference; lastKnownFileType = "compiled.mach-o.dylib"; name = libavformat.dylib; path = ../../../../../usr/local/lib/libavformat.dylib; sourceTree = "<group>"; };
		1654A0D426DC768F00E7DBB8 /* libavdevice.dylib */ = {isa = PBXFileReference; lastKnownFileType = "compiled.mach-o.dylib"; name = libavdevice.dylib; path = ../../../../../usr/local/lib/libavdevice.dylib; sourceTree = "<group>"; };
		1654A0D526DC768F00E7DBB8 /* libavutil.dylib */ = {isa = PBXFileReference; lastKnownFileType = "compiled.mach-o.dylib"; name = libavutil.dylib; path = ../../../../../usr/local/lib/libavutil.dylib; sourceTree = "<group>"; };
		1654A0D626DC768F00E7DBB8 /* libswresample.dylib */ = {isa = PBXFileReference; lastKnownFileType = "compiled.mach-o.dylib"; name = libswresample.dylib; path = ../../../../../usr/local/lib/libswresample.dylib; sourceTree = "<group>"; };
		1654A0D726DC768F00E7DBB8 /* libx265.dylib */ = {isa = PBXFileReference; lastKnownFileType = "compiled.mach-o.dylib"; name = libx265.dylib; path = ../../../../../usr/local/lib/libx265.dylib; sourceTree = "<group>"; };
		1654A0D826DC768F00E7DBB8 /* libavcodec.dylib */ = {isa = PBXFileReference; lastKnownFileType = "compiled.mach-o.dylib"; name = libavcodec.dylib; path = ../../../../../usr/local/lib/libavcodec.dylib; sourceTree = "<group>"; };
		166902585CAFD658422CF0F8 /* Cocoa.framework */ = {isa = PBXFileReference; lastKnownFileType = wrapper.framework; name = Cocoa.framework; path = Platforms/MacOSX.platform/Developer/SDKs/MacOSX10.15.sdk/System/Library/Frameworks/Cocoa.framework; sourceTree = DEVELOPER_DIR; };
		16741CE521A924FB000EEC78 /* AVFoundation.framework */ = {isa = PBXFileReference; lastKnownFileType = wrapper.framework; name = AVFoundation.framework; path = System/Library/Frameworks/AVFoundation.framework; sourceTree = SDKROOT; };
		16741CE721A92550000EEC78 /* CoreMedia.framework */ = {isa = PBXFileReference; lastKnownFileType = wrapper.framework; name = CoreMedia.framework; path = System/Library/Frameworks/CoreMedia.framework; sourceTree = SDKROOT; };
		16A9573A22C05AED008868AF /* COPYING.txt */ = {isa = PBXFileReference; lastKnownFileType = text; path = COPYING.txt; sourceTree = "<group>"; };
		16A9573B22C05AED008868AF /* README.md */ = {isa = PBXFileReference; lastKnownFileType = net.daringfireball.markdown; path = README.md; sourceTree = "<group>"; };
		16B81251218D701000E24173 /* movencoder2 */ = {isa = PBXFileReference; explicitFileType = "compiled.mach-o.executable"; includeInIndex = 0; path = movencoder2; sourceTree = BUILT_PRODUCTS_DIR; };
		16C1DAF32E87F0A000DD415F /* XCTest.framework */ = {isa = PBXFileReference; lastKnownFileType = wrapper.framework; name = XCTest.framework; path = System/Library/Frameworks/XCTest.framework; sourceTree = SDKROOT; };
		16C1DAF62E87F12000DD415F /* movencoder2Tests.xctest */ = {isa = PBXFileReference; explicitFileType = wrapper.cfbundle; includeInIndex = 0; path = movencoder2Tests.xctest; sourceTree = BUILT_PRODUCTS_DIR; };
		240B87D07B35999E9BDDD7D0 /* MovEncoder2.framework */ = {isa = PBXFileReference; explicitFileType = wrapper.framework; includeInIndex = 0; path = MovEncoder2.framework; sourceTree = BUILT_PRODUCTS_DIR; };
		96C92E42B9EE5C37768656ED /* Info.plist */ = {isa = PBXFileReference; includeInIndex = 1; lastKnownFileType = text.plist.xml; path = Info.plist; sourceTree = "<group>"; };
/* End PBXFileReference section */

/* Begin PBXFileSystemSynchronizedBuildFileExceptionSet section */
		161DAF472F3B6CCE002777AA /* PBXFileSystemSynchronizedBuildFileExceptionSet */ = {
			isa = PBXFileSystemSynchronizedBuildFileExceptionSet;
			membershipExceptions = (
				Config/MEVideoEncoderConfig.m,
				Core/MEAudioConverter.m,
				"Core/MEAudioConverter+BufferConversion.m",
				"Core/MEAudioConverter+VolumeControl.m",
				Core/MEManager.m,
				"Core/MEManager+Pipeline.m",
				"Core/MEManager+Queuing.m",
				"Core/MEManager+SampleBuffer.m",
				Core/METranscodeConfiguration.m,
				Core/METranscoder.m,
				"Core/METranscoder+AudioChannels.m",
				"Core/METranscoder+CodecHelpers.m",
				"Core/METranscoder+CompressionSettings.m",
				"Core/METranscoder+paramParser.m",
				"Core/METranscoder+prepareChannels.m",
				"Core/METranscoder+VideoChannels.m",
				IO/MEInput.m,
				IO/MEOutput.m,
				IO/SBChannel.m,
				main.m,
				Pipeline/MEEncoderPipeline.m,
				Pipeline/MEFilterPipeline.m,
				Pipeline/MESampleBufferFactory.m,
				Utils/MECodecUtils.m,
				Utils/MECommon.m,
				Utils/MEErrorFormatter.m,
				Utils/MEH26xNALUtils.m,
				Utils/MEMetadataExtractor.m,
				Utils/MEPixelFormatUtils.m,
				Utils/MEProgressUtil.m,
				Utils/MESecureLogging.m,
				Utils/MEUtils.m,
				Utils/monitorUtil.m,
				Utils/parseUtil.m,
			);
			target = 16B81250218D701000E24173 /* movencoder2 */;
		};
		161DAF482F3B6CCE002777AA /* PBXFileSystemSynchronizedBuildFileExceptionSet */ = {
			isa = PBXFileSystemSynchronizedBuildFileExceptionSet;
			membershipExceptions = (
				Config/MEVideoEncoderConfig.m,
				Core/MEAudioConverter.m,
				"Core/MEAudioConverter+BufferConversion.m",
				"Core/MEAudioConverter+VolumeControl.m",
				Core/MEManager.m,
				"Core/MEManager+Pipeline.m",
				"Core/MEManager+Queuing.m",
				"Core/MEManager+SampleBuffer.m",
				Core/METranscodeConfiguration.m,
				Core/METranscoder.m,
				"Core/METranscoder+AudioChannels.m",
				"Core/METranscoder+CodecHelpers.m",
				"Core/METranscoder+CompressionSettings.m",
				"Core/METranscoder+paramParser.m",
				"Core/METranscoder+prepareChannels.m",
				"Core/METranscoder+VideoChannels.m",
				IO/MEInput.m,
				IO/MEOutput.m,
				IO/SBChannel.m,
				main.m,
				Pipeline/MEEncoderPipeline.m,
				Pipeline/MEFilterPipeline.m,
				Pipeline/MESampleBufferFactory.m,
				Utils/MECodecUtils.m,
				Utils/MECommon.m,
				Utils/MEErrorFormatter.m,
				Utils/MEH26xNALUtils.m,
				Utils/MEMetadataExtractor.m,
				Utils/MEPixelFormatUtils.m,
				Utils/MEProgressUtil.m,
				Utils/MESecureLogging.m,
				Utils/MEUtils.m,
				Utils/monitorUtil.m,
				Utils/parseUtil.m,
			);
			target = 16C1DAED2E87F02000DD415F /* movencoder2Tests */;
		};
		161DAF492F3B6CCE002777AA /* PBXFileSystemSynchronizedBuildFileExceptionSet */ = {
			isa = PBXFileSystemSynchronizedBuildFileExceptionSet;
			membershipExceptions = (
				Config/METypes.h,
				Config/MEVideoEncoderConfig.h,
				Core/MEAudioConverter.h,
				"Core/MEAudioConverter+BufferConversion.h",
				"Core/MEAudioConverter+Internal.h",
				"Core/MEAudioConverter+VolumeControl.h",
				Core/MEManager.h,
				"Core/MEManager+Internal.h",
				"Core/MEManager+Pipeline.h",
				"Core/MEManager+Queuing.h",
				"Core/MEManager+SampleBuffer.h",
				Core/METranscodeConfiguration.h,
				Core/METranscoder.h,
				"Core/METranscoder+AudioChannels.h",
				"Core/METranscoder+CodecHelpers.h",
				"Core/METranscoder+CompressionSettings.h",
				"Core/METranscoder+Internal.h",
				"Core/METranscoder+VideoChannels.h",
				IO/MEInput.h,
				IO/MEOutput.h,
				IO/SBChannel.h,
				main.m,
				Pipeline/MEEncoderPipeline.h,
				Pipeline/MEFilterPipeline.h,
				Pipeline/MESampleBufferFactory.h,
				Utils/MECodecUtils.h,
				Utils/MECommon.h,
				Utils/MEErrorFormatter.h,
				Utils/MEH26xNALUtils.h,
				Utils/MEMetadataExtractor.h,
				Utils/MEPixelFormatUtils.h,
				Utils/MEProgressUtil.h,
				Utils/MESecureLogging.h,
				Utils/MEUtils.h,
				Utils/monitorUtil.h,
				Utils/parseUtil.h,
			);
			publicHeaders = (
				Public/METranscoder.h,
				Public/METypes.h,
				Public/MEVideoEncoderConfig.h,
				Public/MovEncoder2.h,
			);
			target = 5061039C56058C8186274E58 /* MovEncoder2Framework */;
		};
/* End PBXFileSystemSynchronizedBuildFileExceptionSet section */

/* Begin PBXFileSystemSynchronizedRootGroup section */
		161DAEB92F3B6CCE002777AA /* movencoder2 */ = {isa = PBXFileSystemSynchronizedRootGroup; exceptions = (161DAF472F3B6CCE002777AA /* PBXFileSystemSynchronizedBuildFileExceptionSet */, 161DAF482F3B6CCE002777AA /* PBXFileSystemSynchronizedBuildFileExceptionSet */, 161DAF492F3B6CCE002777AA /* PBXFileSystemSynchronizedBuildFileExceptionSet */, ); explicitFileTypes = {}; explicitFolders = (); path = movencoder2; sourceTree = "<group>"; };
		161DAF562F3B6D65002777AA /* movencoder2Tests */ = {isa = PBXFileSystemSynchronizedRootGroup; explicitFileTypes = {}; explicitFolders = (); path = movencoder2Tests; sourceTree = "<group>"; };
/* End PBXFileSystemSynchronizedRootGroup section */

/* Begin PBXFrameworksBuildPhase section */
		16B8124E218D701000E24173 /* Frameworks */ = {
			isa = PBXFrameworksBuildPhase;
			buildActionMask = 2147483647;
			files = (
				1654A0DF26DC768F00E7DBB8 /* libavutil.dylib in Frameworks */,
				1654A0CD26DC75D500E7DBB8 /* libbz2.dylib in Frameworks */,
				1654A0DA26DC768F00E7DBB8 /* libx264.dylib in Frameworks */,
				1654A0E226DC769000E7DBB8 /* libavcodec.dylib in Frameworks */,
				1654A0D926DC768F00E7DBB8 /* libswscale.dylib in Frameworks */,
				1654A0E126DC769000E7DBB8 /* libx265.dylib in Frameworks */,
				1654A0DB26DC768F00E7DBB8 /* libavfilter.dylib in Frameworks */,
				1654A0E026DC769000E7DBB8 /* libswresample.dylib in Frameworks */,
				1654A0DD26DC768F00E7DBB8 /* libavformat.dylib in Frameworks */,
				1654A0CB26DC75D500E7DBB8 /* liblzma.dylib in Frameworks */,
				1654A0DE26DC768F00E7DBB8 /* libavdevice.dylib in Frameworks */,
				1654A0CC26DC75D500E7DBB8 /* libz.dylib in Frameworks */,
			);
			runOnlyForDeploymentPostprocessing = 0;
		};
		16C1DAF52E87F0A000DD415F /* Frameworks */ = {
			isa = PBXFrameworksBuildPhase;
			buildActionMask = 2147483647;
			files = (
				16C1DB052E87F2C000DD415F /* libavformat.dylib in Frameworks */,
				16C1DAF42E87F0A000DD415F /* XCTest.framework in Frameworks */,
				16C1DB042E87F2B700DD415F /* libavutil.dylib in Frameworks */,
				16C1DAFF2E87F29800DD415F /* libz.dylib in Frameworks */,
				16C1DAFE2E87F29200DD415F /* liblzma.dylib in Frameworks */,
				16C1DB072E87F2CC00DD415F /* libavdevice.dylib in Frameworks */,
				16C1DB062E87F2C600DD415F /* libavfilter.dylib in Frameworks */,
				16C1DAFD2E87F28B00DD415F /* libbz2.dylib in Frameworks */,
				16C1DB012E87F2A500DD415F /* libx264.dylib in Frameworks */,
				16C1DB082E87F2D200DD415F /* libavcodec.dylib in Frameworks */,
				16C1DB022E87F2AA00DD415F /* libswscale.dylib in Frameworks */,
				16C1DB002E87F29E00DD415F /* libx265.dylib in Frameworks */,
				16C1DB032E87F2B100DD415F /* libswresample.dylib in Frameworks */,
			);
			runOnlyForDeploymentPostprocessing = 0;
		};
		DEBA093C898BFCC3E22FFEA1 /* Frameworks */ = {
			isa = PBXFrameworksBuildPhase;
			buildActionMask = 2147483647;
			files = (
				6F9EF8D740509057050870E8 /* Cocoa.framework in Frameworks */,
				CBF8E46DE3E75C3B7F0BD145 /* AVFoundation.framework in Frameworks */,
				69AF04979304B7A6C8CE98D9 /* CoreMedia.framework in Frameworks */,
				E4F9A06F257156BF211086FE /* libavutil.dylib in Frameworks */,
				4A9287D6166428C1DB3F3945 /* libbz2.dylib in Frameworks */,
				C76FF6E92A6AD27413CBDEDF /* libx264.dylib in Frameworks */,
				1D11CDEAA37208A00F416DEF /* libavcodec.dylib in Frameworks */,
				0A7E9E504F17668C803F5E74 /* libswscale.dylib in Frameworks */,
				85CE3B3CFE2A53FA1E25F99B /* libx265.dylib in Frameworks */,
				5A21ABF6702D4913705C3748 /* libavfilter.dylib in Frameworks */,
				135C9D880183A84B1FAD8F33 /* libswresample.dylib in Frameworks */,
				C67550F6C4471657E6B67C5D /* libavformat.dylib in Frameworks */,
				BB36A6D4000AA00152243FE6 /* liblzma.dylib in Frameworks */,
				DE577915143D75A96A0DE43E /* libavdevice.dylib in Frameworks */,
				03335379BE594B0BE74BE0A0 /* libz.dylib in Frameworks */,
			);
			runOnlyForDeploymentPostprocessing = 0;
		};
/* End PBXFrameworksBuildPhase section */

/* Begin PBXGroup section */
		1654A0C726DC75C000E7DBB8 /* dylib at opt-local-lib */ = {
			isa = PBXGroup;
			children = (
				1654A0CA26DC75D500E7DBB8 /* libbz2.dylib */,
				1654A0C826DC75D500E7DBB8 /* liblzma.dylib */,
				1654A0C926DC75D500E7DBB8 /* libz.dylib */,
			);
			name = "dylib at opt-local-lib";
			sourceTree = "<group>";
		};
		1654A0CE26DC763C00E7DBB8 /* dylib at usr-local-lib */ = {
			isa = PBXGroup;
			children = (
				1654A0D826DC768F00E7DBB8 /* libavcodec.dylib */,
				1654A0D426DC768F00E7DBB8 /* libavdevice.dylib */,
				1654A0D126DC768F00E7DBB8 /* libavfilter.dylib */,
				1654A0D326DC768F00E7DBB8 /* libavformat.dylib */,
				1654A0D526DC768F00E7DBB8 /* libavutil.dylib */,
				1654A0D626DC768F00E7DBB8 /* libswresample.dylib */,
				1654A0CF26DC768F00E7DBB8 /* libswscale.dylib */,
				1654A0D026DC768F00E7DBB8 /* libx264.dylib */,
				1654A0D726DC768F00E7DBB8 /* libx265.dylib */,
			);
			name = "dylib at usr-local-lib";
			sourceTree = "<group>";
		};
		16AD45BF21965FB500A0BB95 /* Frameworks */ = {
			isa = PBXGroup;
			children = (
				1654A0CE26DC763C00E7DBB8 /* dylib at usr-local-lib */,
				1654A0C726DC75C000E7DBB8 /* dylib at opt-local-lib */,
				16741CE721A92550000EEC78 /* CoreMedia.framework */,
				16741CE521A924FB000EEC78 /* AVFoundation.framework */,
				DE67C40EF5420B30BCE3C458 /* OS X */,
			);
			name = Frameworks;
			sourceTree = "<group>";
		};
		16B81248218D701000E24173 = {
			isa = PBXGroup;
			children = (
				16A9573A22C05AED008868AF /* COPYING.txt */,
				16A9573B22C05AED008868AF /* README.md */,
				161907892884E28B001BFA7E /* HowToBuildLibs.md */,
				161DAEB92F3B6CCE002777AA /* movencoder2 */,
				161DAF562F3B6D65002777AA /* movencoder2Tests */,
				16B81252218D701000E24173 /* Products */,
				16AD45BF21965FB500A0BB95 /* Frameworks */,
				16C1DAFC2E87F21B00DD415F /* Recovered References */,
				A50EB28E4A257BA3C5CDDEDE /* MovEncoder2Framework */,
			);
			sourceTree = "<group>";
		};
		16B81252218D701000E24173 /* Products */ = {
			isa = PBXGroup;
			children = (
				16B81251218D701000E24173 /* movencoder2 */,
				16C1DAF62E87F12000DD415F /* movencoder2Tests.xctest */,
				240B87D07B35999E9BDDD7D0 /* MovEncoder2.framework */,
			);
			name = Products;
			sourceTree = "<group>";
		};
		16C1DAFC2E87F21B00DD415F /* Recovered References */ = {
			isa = PBXGroup;
			children = (
				16C1DAF32E87F0A000DD415F /* XCTest.framework */,
			);
			name = "Recovered References";
			sourceTree = "<group>";
		};
		A50EB28E4A257BA3C5CDDEDE /* MovEncoder2Framework */ = {
			isa = PBXGroup;
			children = (
				96C92E42B9EE5C37768656ED /* Info.plist */,
			);
			path = MovEncoder2Framework;
			sourceTree = "<group>";
		};
		DE67C40EF5420B30BCE3C458 /* OS X */ = {
			isa = PBXGroup;
			children = (
				166902585CAFD658422CF0F8 /* Cocoa.framework */,
			);
			name = "OS X";
			sourceTree = "<group>";
		};
/* End PBXGroup section */

/* Begin PBXHeadersBuildPhase section */
		F33F7654C66281245F9739CA /* Headers */ = {
			isa = PBXHeadersBuildPhase;
			buildActionMask = 2147483647;
			files = (
			);
			runOnlyForDeploymentPostprocessing = 0;
		};
/* End PBXHeadersBuildPhase section */

/* Begin PBXNativeTarget section */
		16B81250218D701000E24173 /* movencoder2 */ = {
			isa = PBXNativeTarget;
			buildConfigurationList = 16B81258218D701000E24173 /* Build configuration list for PBXNativeTarget "movencoder2" */;
			buildPhases = (
				16B8124D218D701000E24173 /* Sources */,
				16B8124E218D701000E24173 /* Frameworks */,
				16B8124F218D701000E24173 /* CopyFiles */,
			);
			buildRules = (
			);
			dependencies = (
			);
			name = movencoder2;
			productName = movencoder2;
			productReference = 16B81251218D701000E24173 /* movencoder2 */;
			productType = "com.apple.product-type.tool";
		};
		16C1DAED2E87F02000DD415F /* movencoder2Tests */ = {
			isa = PBXNativeTarget;
			buildConfigurationList = 16C1DAF22E87F02000DD415F /* Build configuration list for PBXNativeTarget "movencoder2Tests" */;
			buildPhases = (
				16C1DAEE2E87F02000DD415F /* Sources */,
				16C1DAF52E87F0A000DD415F /* Frameworks */,
			);
			buildRules = (
			);
			dependencies = (
			);
			fileSystemSynchronizedGroups = (
				161DAF562F3B6D65002777AA /* movencoder2Tests */,
			);
			name = movencoder2Tests;
			productName = movencoder2Tests;
			productReference = 16C1DAF62E87F12000DD415F /* movencoder2Tests.xctest */;
			productType = "com.apple.product-type.bundle.unit-test";
		};
		5061039C56058C8186274E58 /* MovEncoder2Framework */ = {
			isa = PBXNativeTarget;
			buildConfigurationList = B76F4D3C424EE17D19404AB5 /* Build configuration list for PBXNativeTarget "MovEncoder2Framework" */;
			buildPhases = (
				F33F7654C66281245F9739CA /* Headers */,
				941D9174278D0B2A92B8A7FE /* Sources */,
				DEBA093C898BFCC3E22FFEA1 /* Frameworks */,
				D3D2DF6C06606D21159257A8 /* Resources */,
			);
			buildRules = (
			);
			dependencies = (
			);
			fileSystemSynchronizedGroups = (
				161DAEB92F3B6CCE002777AA /* movencoder2 */,
			);
			name = MovEncoder2Framework;
			productName = MovEncoder2;
			productReference = 240B87D07B35999E9BDDD7D0 /* MovEncoder2.framework */;
			productType = "com.apple.product-type.framework";
		};
/* End PBXNativeTarget section */

/* Begin PBXProject section */
		16B81249218D701000E24173 /* Project object */ = {
			isa = PBXProject;
			attributes = {
				BuildIndependentTargetsInParallel = YES;
				LastUpgradeCheck = 2620;
				ORGANIZATIONNAME = MyCometG3;
				TargetAttributes = {
					16B81250218D701000E24173 = {
						CreatedOnToolsVersion = 10.0;
					};
					16C1DAED2E87F02000DD415F = {
						CreatedOnToolsVersion = 15.0;
					};
				};
			};
			buildConfigurationList = 16B8124C218D701000E24173 /* Build configuration list for PBXProject "movencoder2" */;
			compatibilityVersion = "Xcode 9.3";
			developmentRegion = en;
			hasScannedForEncodings = 0;
			knownRegions = (
				en,
				Base,
			);
			mainGroup = 16B81248218D701000E24173;
			productRefGroup = 16B81252218D701000E24173 /* Products */;
			projectDirPath = "";
			projectRoot = "";
			targets = (
				16B81250218D701000E24173 /* movencoder2 */,
				16C1DAED2E87F02000DD415F /* movencoder2Tests */,
				5061039C56058C8186274E58 /* MovEncoder2Framework */,
			);
		};
/* End PBXProject section */

/* Begin PBXResourcesBuildPhase section */
		D3D2DF6C06606D21159257A8 /* Resources */ = {
			isa = PBXResourcesBuildPhase;
			buildActionMask = 2147483647;
			files = (
			);
			runOnlyForDeploymentPostprocessing = 0;
		};
/* End PBXResourcesBuildPhase section */

/* Begin PBXSourcesBuildPhase section */
		16B8124D218D701000E24173 /* Sources */ = {
			isa = PBXSourcesBuildPhase;
			buildActionMask = 2147483647;
			files = (
			);
			runOnlyForDeploymentPostprocessing = 0;
		};
		16C1DAEE2E87F02000DD415F /* Sources */ = {
			isa = PBXSourcesBuildPhase;
			buildActionMask = 2147483647;
			files = (
			);
			runOnlyForDeploymentPostprocessing = 0;
		};
		941D9174278D0B2A92B8A7FE /* Sources */ = {
			isa = PBXSourcesBuildPhase;
			buildActionMask = 2147483647;
			files = (
			);
			runOnlyForDeploymentPostprocessing = 0;
		};
/* End PBXSourcesBuildPhase section */

/* Begin XCBuildConfiguration section */
		16B81256218D701000E24173 /* Debug */ = {
			isa = XCBuildConfiguration;
			buildSettings = {
				ALWAYS_SEARCH_USER_PATHS = NO;
				CLANG_ANALYZER_NONNULL = YES;
				CLANG_ANALYZER_NUMBER_OBJECT_CONVERSION = YES_AGGRESSIVE;
				CLANG_CXX_LANGUAGE_STANDARD = "gnu++20";
				CLANG_ENABLE_MODULES = YES;
				CLANG_ENABLE_OBJC_ARC = YES;
				CLANG_ENABLE_OBJC_WEAK = YES;
				CLANG_WARN_BLOCK_CAPTURE_AUTORELEASING = YES;
				CLANG_WARN_BOOL_CONVERSION = YES;
				CLANG_WARN_COMMA = YES;
				CLANG_WARN_CONSTANT_CONVERSION = YES;
				CLANG_WARN_DEPRECATED_OBJC_IMPLEMENTATIONS = YES;
				CLANG_WARN_DIRECT_OBJC_ISA_USAGE = YES_ERROR;
				CLANG_WARN_DOCUMENTATION_COMMENTS = YES;
				CLANG_WARN_EMPTY_BODY = YES;
				CLANG_WARN_ENUM_CONVERSION = YES;
				CLANG_WARN_INFINITE_RECURSION = YES;
				CLANG_WARN_INT_CONVERSION = YES;
				CLANG_WARN_NON_LITERAL_NULL_CONVERSION = YES;
				CLANG_WARN_OBJC_IMPLICIT_RETAIN_SELF = YES;
				CLANG_WARN_OBJC_LITERAL_CONVERSION = YES;
				CLANG_WARN_OBJC_ROOT_CLASS = YES_ERROR;
				CLANG_WARN_QUOTED_INCLUDE_IN_FRAMEWORK_HEADER = YES;
				CLANG_WARN_RANGE_LOOP_ANALYSIS = YES;
				CLANG_WARN_STRICT_PROTOTYPES = YES;
				CLANG_WARN_SUSPICIOUS_MOVE = YES;
				CLANG_WARN_UNGUARDED_AVAILABILITY = YES_AGGRESSIVE;
				CLANG_WARN_UNREACHABLE_CODE = YES;
				CLANG_WARN__DUPLICATE_METHOD_MATCH = YES;
				COPY_PHASE_STRIP = NO;
				DEAD_CODE_STRIPPING = YES;
				DEBUG_INFORMATION_FORMAT = dwarf;
				DEVELOPMENT_TEAM = BV5C4YNA4Z;
				ENABLE_STRICT_OBJC_MSGSEND = YES;
				ENABLE_TESTABILITY = YES;
				ENABLE_USER_SCRIPT_SANDBOXING = YES;
				GCC_C_LANGUAGE_STANDARD = gnu17;
				GCC_DYNAMIC_NO_PIC = NO;
				GCC_NO_COMMON_BLOCKS = YES;
				GCC_OPTIMIZATION_LEVEL = 0;
				GCC_PREPROCESSOR_DEFINITIONS = (
					"DEBUG=1",
					"$(inherited)",
				);
				GCC_WARN_64_TO_32_BIT_CONVERSION = YES;
				GCC_WARN_ABOUT_RETURN_TYPE = YES_ERROR;
				GCC_WARN_UNDECLARED_SELECTOR = YES;
				GCC_WARN_UNINITIALIZED_AUTOS = YES_AGGRESSIVE;
				GCC_WARN_UNUSED_FUNCTION = YES;
				GCC_WARN_UNUSED_VARIABLE = YES;
				MACOSX_DEPLOYMENT_TARGET = 12.0;
				MTL_ENABLE_DEBUG_INFO = INCLUDE_SOURCE;
				MTL_FAST_MATH = YES;
				ONLY_ACTIVE_ARCH = YES;
				SDKROOT = macosx;
				STRING_CATALOG_GENERATE_SYMBOLS = YES;
			};
			name = Debug;
		};
		16B81257218D701000E24173 /* Release */ = {
			isa = XCBuildConfiguration;
			buildSettings = {
				ALWAYS_SEARCH_USER_PATHS = NO;
				CLANG_ANALYZER_NONNULL = YES;
				CLANG_ANALYZER_NUMBER_OBJECT_CONVERSION = YES_AGGRESSIVE;
				CLANG_CXX_LANGUAGE_STANDARD = "gnu++20";
				CLANG_ENABLE_MODULES = YES;
				CLANG_ENABLE_OBJC_ARC = YES;
				CLANG_ENABLE_OBJC_WEAK = YES;
				CLANG_WARN_BLOCK_CAPTURE_AUTORELEASING = YES;
				CLANG_WARN_BOOL_CONVERSION = YES;
				CLANG_WARN_COMMA = YES;
				CLANG_WARN_CONSTANT_CONVERSION = YES;
				CLANG_WARN_DEPRECATED_OBJC_IMPLEMENTATIONS = YES;
				CLANG_WARN_DIRECT_OBJC_ISA_USAGE = YES_ERROR;
				CLANG_WARN_DOCUMENTATION_COMMENTS = YES;
				CLANG_WARN_EMPTY_BODY = YES;
				CLANG_WARN_ENUM_CONVERSION = YES;
				CLANG_WARN_INFINITE_RECURSION = YES;
				CLANG_WARN_INT_CONVERSION = YES;
				CLANG_WARN_NON_LITERAL_NULL_CONVERSION = YES;
				CLANG_WARN_OBJC_IMPLICIT_RETAIN_SELF = YES;
				CLANG_WARN_OBJC_LITERAL_CONVERSION = YES;
				CLANG_WARN_OBJC_ROOT_CLASS = YES_ERROR;
				CLANG_WARN_QUOTED_INCLUDE_IN_FRAMEWORK_HEADER = YES;
				CLANG_WARN_RANGE_LOOP_ANALYSIS = YES;
				CLANG_WARN_STRICT_PROTOTYPES = YES;
				CLANG_WARN_SUSPICIOUS_MOVE = YES;
				CLANG_WARN_UNGUARDED_AVAILABILITY = YES_AGGRESSIVE;
				CLANG_WARN_UNREACHABLE_CODE = YES;
				CLANG_WARN__DUPLICATE_METHOD_MATCH = YES;
				COPY_PHASE_STRIP = NO;
				DEAD_CODE_STRIPPING = YES;
				DEBUG_INFORMATION_FORMAT = "dwarf-with-dsym";
				DEVELOPMENT_TEAM = BV5C4YNA4Z;
				ENABLE_NS_ASSERTIONS = NO;
				ENABLE_STRICT_OBJC_MSGSEND = YES;
				ENABLE_USER_SCRIPT_SANDBOXING = YES;
				GCC_C_LANGUAGE_STANDARD = gnu17;
				GCC_NO_COMMON_BLOCKS = YES;
				GCC_WARN_64_TO_32_BIT_CONVERSION = YES;
				GCC_WARN_ABOUT_RETURN_TYPE = YES_ERROR;
				GCC_WARN_UNDECLARED_SELECTOR = YES;
				GCC_WARN_UNINITIALIZED_AUTOS = YES_AGGRESSIVE;
				GCC_WARN_UNUSED_FUNCTION = YES;
				GCC_WARN_UNUSED_VARIABLE = YES;
				MACOSX_DEPLOYMENT_TARGET = 12.0;
				MTL_ENABLE_DEBUG_INFO = NO;
				MTL_FAST_MATH = YES;
				ONLY_ACTIVE_ARCH = YES;
				SDKROOT = macosx;
				STRING_CATALOG_GENERATE_SYMBOLS = YES;
			};
			name = Release;
		};
		16B81259218D701000E24173 /* Debug */ = {
			isa = XCBuildConfiguration;
			buildSettings = {
				CODE_SIGN_IDENTITY = "-";
				CODE_SIGN_STYLE = Automatic;
				DEAD_CODE_STRIPPING = YES;
				EXCLUDED_ARCHS = "";
				FRAMEWORK_SEARCH_PATHS = (
					"$(inherited)",
					"$(USER_LIBRARY_DIR)/Frameworks",
				);
				HEADER_SEARCH_PATHS = (
					"$(inherited)",
					"/usr/local/include/**",
					"$(SRCROOT)/**",
				);
				LIBRARY_SEARCH_PATHS = (
					"$(inherited)",
					/usr/local/lib,
					/opt/local/lib,
				);
				ONLY_ACTIVE_ARCH = NO;
				PRODUCT_NAME = "$(TARGET_NAME)";
				VALID_ARCHS = arm64;
			};
			name = Debug;
		};
		16B8125A218D701000E24173 /* Release */ = {
			isa = XCBuildConfiguration;
			buildSettings = {
				CODE_SIGN_IDENTITY = "-";
				CODE_SIGN_STYLE = Automatic;
				DEAD_CODE_STRIPPING = YES;
				EXCLUDED_ARCHS = "";
				FRAMEWORK_SEARCH_PATHS = (
					"$(inherited)",
					"$(USER_LIBRARY_DIR)/Frameworks",
				);
				HEADER_SEARCH_PATHS = (
					"$(inherited)",
					"/usr/local/include/**",
					"$(SRCROOT)/**",
				);
				LIBRARY_SEARCH_PATHS = (
					"$(inherited)",
					/usr/local/lib,
					/opt/local/lib,
				);
				ONLY_ACTIVE_ARCH = NO;
				PRODUCT_NAME = "$(TARGET_NAME)";
				VALID_ARCHS = arm64;
			};
			name = Release;
		};
		16C1DAF02E87F02000DD415F /* Debug */ = {
			isa = XCBuildConfiguration;
			buildSettings = {
				ALWAYS_SEARCH_USER_PATHS = NO;
				CLANG_ENABLE_OBJC_ARC = YES;
				CODE_SIGN_IDENTITY = "-";
				CODE_SIGN_STYLE = Automatic;
				DEAD_CODE_STRIPPING = YES;
				DEBUG_INFORMATION_FORMAT = dwarf;
				ENABLE_TESTABILITY = YES;
				EXCLUDED_ARCHS = "";
				GCC_PREPROCESSOR_DEFINITIONS = (
					"DEBUG=1",
					"$(inherited)",
				);
				GENERATE_INFOPLIST_FILE = YES;
				HEADER_SEARCH_PATHS = (
					"$(inherited)",
					"/usr/local/include/**",
					"$(SRCROOT)/**",
				);
				LIBRARY_SEARCH_PATHS = (
					"$(inherited)",
					/usr/local/lib,
					/opt/local/lib,
				);
				ONLY_ACTIVE_ARCH = NO;
				PRODUCT_NAME = "$(TARGET_NAME)";
				SDKROOT = macosx;
				VALID_ARCHS = arm64;
			};
			name = Debug;
		};
		16C1DAF12E87F02000DD415F /* Release */ = {
			isa = XCBuildConfiguration;
			buildSettings = {
				ALWAYS_SEARCH_USER_PATHS = NO;
				CLANG_ENABLE_OBJC_ARC = YES;
				CODE_SIGN_IDENTITY = "-";
				CODE_SIGN_STYLE = Automatic;
				DEAD_CODE_STRIPPING = YES;
				DEBUG_INFORMATION_FORMAT = "dwarf-with-dsym";
				EXCLUDED_ARCHS = "";
				GENERATE_INFOPLIST_FILE = YES;
				HEADER_SEARCH_PATHS = (
					"$(inherited)",
					"/usr/local/include/**",
					"$(SRCROOT)/**",
				);
				LIBRARY_SEARCH_PATHS = (
					"$(inherited)",
					/usr/local/lib,
					/opt/local/lib,
				);
				ONLY_ACTIVE_ARCH = NO;
				PRODUCT_NAME = "$(TARGET_NAME)";
				SDKROOT = macosx;
				VALID_ARCHS = arm64;
			};
			name = Release;
		};
		77DF4B2696EA445817ADCD04 /* Release */ = {
			isa = XCBuildConfiguration;
			buildSettings = {
				CODE_SIGN_IDENTITY = "";
				CODE_SIGN_STYLE = Manual;
				COMBINE_HIDPI_IMAGES = YES;
				CURRENT_PROJECT_VERSION = 1;
				DEFINES_MODULE = YES;
				DYLIB_COMPATIBILITY_VERSION = 1;
				DYLIB_CURRENT_VERSION = 1;
				DYLIB_INSTALL_NAME_BASE = "@rpath";
				EXCLUDED_ARCHS = "";
				HEADER_SEARCH_PATHS = (
					"$(inherited)",
					"/usr/local/include/**",
					"$(SRCROOT)/**",
				);
				INFOPLIST_FILE = MovEncoder2Framework/Info.plist;
				INSTALL_PATH = "$(LOCAL_LIBRARY_DIR)/Frameworks";
				LD_RUNPATH_SEARCH_PATHS = (
					"$(inherited)",
					"@executable_path/../Frameworks",
					"@loader_path/Frameworks",
				);
				LIBRARY_SEARCH_PATHS = (
					"$(inherited)",
					/usr/local/lib,
					/opt/local/lib,
				);
				MACOSX_DEPLOYMENT_TARGET = 12.0;
				MARKETING_VERSION = 1.0;
				MODULEMAP_FILE = "";
				MODULE_VERIFIER_SUPPORTED_LANGUAGE_STANDARDS = "gnu17 gnu++20";
				ONLY_ACTIVE_ARCH = NO;
				PRODUCT_BUNDLE_IDENTIFIER = com.mycometg3.MovEncoder2;
				PRODUCT_NAME = MovEncoder2;
				PUBLIC_HEADERS_FOLDER_PATH = "$(CONTENTS_FOLDER_PATH)/Headers";
				SDKROOT = macosx;
				SKIP_INSTALL = YES;
				VALID_ARCHS = arm64;
				VERSIONING_SYSTEM = "apple-generic";
				VERSION_INFO_PREFIX = "";
			};
			name = Release;
		};
		7A345CF83273300AF18D679E /* Debug */ = {
			isa = XCBuildConfiguration;
			buildSettings = {
				CODE_SIGN_IDENTITY = "";
				CODE_SIGN_STYLE = Manual;
				COMBINE_HIDPI_IMAGES = YES;
				CURRENT_PROJECT_VERSION = 1;
				DEFINES_MODULE = YES;
				DYLIB_COMPATIBILITY_VERSION = 1;
				DYLIB_CURRENT_VERSION = 1;
				DYLIB_INSTALL_NAME_BASE = "@rpath";
				EXCLUDED_ARCHS = "";
				HEADER_SEARCH_PATHS = (
					"$(inherited)",
					"/usr/local/include/**",
					"$(SRCROOT)/**",
				);
				INFOPLIST_FILE = MovEncoder2Framework/Info.plist;
				INSTALL_PATH = "$(LOCAL_LIBRARY_DIR)/Frameworks";
				LD_RUNPATH_SEARCH_PATHS = (
					"$(inherited)",
					"@executable_path/../Frameworks",
					"@loader_path/Frameworks",
				);
				LIBRARY_SEARCH_PATHS = (
					"$(inherited)",
					/usr/local/lib,
					/opt/local/lib,
				);
				MACOSX_DEPLOYMENT_TARGET = 12.0;
				MARKETING_VERSION = 1.0;
				MODULEMAP_FILE = "";
				MODULE_VERIFIER_SUPPORTED_LANGUAGE_STANDARDS = "gnu17 gnu++20";
				ONLY_ACTIVE_ARCH = NO;
				PRODUCT_BUNDLE_IDENTIFIER = com.mycometg3.MovEncoder2;
				PRODUCT_NAME = MovEncoder2;
				PUBLIC_HEADERS_FOLDER_PATH = "$(CONTENTS_FOLDER_PATH)/Headers";
				SDKROOT = macosx;
				SKIP_INSTALL = YES;
				VALID_ARCHS = arm64;
				VERSIONING_SYSTEM = "apple-generic";
				VERSION_INFO_PREFIX = "";
			};
			name = Debug;
		};
/* End XCBuildConfiguration section */

/* Begin XCConfigurationList section */
		16B8124C218D701000E24173 /* Build configuration list for PBXProject "movencoder2" */ = {
			isa = XCConfigurationList;
			buildConfigurations = (
				16B81256218D701000E24173 /* Debug */,
				16B81257218D701000E24173 /* Release */,
			);
			defaultConfigurationIsVisible = 0;
			defaultConfigurationName = Release;
		};
		16B81258218D701000E24173 /* Build configuration list for PBXNativeTarget "movencoder2" */ = {
			isa = XCConfigurationList;
			buildConfigurations = (
				16B81259218D701000E24173 /* Debug */,
				16B8125A218D701000E24173 /* Release */,
			);
			defaultConfigurationIsVisible = 0;
			defaultConfigurationName = Release;
		};
		16C1DAF22E87F02000DD415F /* Build configuration list for PBXNativeTarget "movencoder2Tests" */ = {
			isa = XCConfigurationList;
			buildConfigurations = (
				16C1DAF02E87F02000DD415F /* Debug */,
				16C1DAF12E87F02000DD415F /* Release */,
			);
			defaultConfigurationIsVisible = 0;
			defaultConfigurationName = Release;
		};
		B76F4D3C424EE17D19404AB5 /* Build configuration list for PBXNativeTarget "MovEncoder2Framework" */ = {
			isa = XCConfigurationList;
			buildConfigurations = (
				77DF4B2696EA445817ADCD04 /* Release */,
				7A345CF83273300AF18D679E /* Debug */,
			);
			defaultConfigurationIsVisible = 0;
			defaultConfigurationName = Release;
		};
/* End XCConfigurationList section */
	};
	rootObject = 16B81249218D701000E24173 /* Project object */;
}
